// !$*UTF8*$!
{
	archiveVersion = 1;
	classes = {
	};
	objectVersion = 56;
	objects = {

/* Begin PBXBuildFile section */
		23F0B300292166920061B933 /* MarvelSwiftUICombineApp.swift in Sources */ = {isa = PBXBuildFile; fileRef = 23F0B2FF292166920061B933 /* MarvelSwiftUICombineApp.swift */; };
		23F0B302292166920061B933 /* ContentView.swift in Sources */ = {isa = PBXBuildFile; fileRef = 23F0B301292166920061B933 /* ContentView.swift */; };
		23F0B304292166930061B933 /* Assets.xcassets in Resources */ = {isa = PBXBuildFile; fileRef = 23F0B303292166930061B933 /* Assets.xcassets */; };
		23F0B308292166930061B933 /* Preview Assets.xcassets in Resources */ = {isa = PBXBuildFile; fileRef = 23F0B307292166930061B933 /* Preview Assets.xcassets */; };
		23F0B312292166940061B933 /* MarvelSwiftUICombineTests.swift in Sources */ = {isa = PBXBuildFile; fileRef = 23F0B311292166940061B933 /* MarvelSwiftUICombineTests.swift */; };
		23F0B31C292166940061B933 /* MarvelSwiftUICombineUITests.swift in Sources */ = {isa = PBXBuildFile; fileRef = 23F0B31B292166940061B933 /* MarvelSwiftUICombineUITests.swift */; };
		23F0B31E292166940061B933 /* MarvelSwiftUICombineUITestsLaunchTests.swift in Sources */ = {isa = PBXBuildFile; fileRef = 23F0B31D292166940061B933 /* MarvelSwiftUICombineUITestsLaunchTests.swift */; };
/* End PBXBuildFile section */

/* Begin PBXContainerItemProxy section */
		23F0B30E292166940061B933 /* PBXContainerItemProxy */ = {
			isa = PBXContainerItemProxy;
			containerPortal = 23F0B2F4292166920061B933 /* Project object */;
			proxyType = 1;
			remoteGlobalIDString = 23F0B2FB292166920061B933;
			remoteInfo = MarvelSwiftUICombine;
		};
		23F0B318292166940061B933 /* PBXContainerItemProxy */ = {
			isa = PBXContainerItemProxy;
			containerPortal = 23F0B2F4292166920061B933 /* Project object */;
			proxyType = 1;
			remoteGlobalIDString = 23F0B2FB292166920061B933;
			remoteInfo = MarvelSwiftUICombine;
		};
/* End PBXContainerItemProxy section */

/* Begin PBXFileReference section */
		23F0B2FC292166920061B933 /* MarvelSwiftUICombine.app */ = {isa = PBXFileReference; explicitFileType = wrapper.application; includeInIndex = 0; path = MarvelSwiftUICombine.app; sourceTree = BUILT_PRODUCTS_DIR; };
		23F0B2FF292166920061B933 /* MarvelSwiftUICombineApp.swift */ = {isa = PBXFileReference; lastKnownFileType = sourcecode.swift; path = MarvelSwiftUICombineApp.swift; sourceTree = "<group>"; };
		23F0B301292166920061B933 /* ContentView.swift */ = {isa = PBXFileReference; lastKnownFileType = sourcecode.swift; path = ContentView.swift; sourceTree = "<group>"; };
		23F0B303292166930061B933 /* Assets.xcassets */ = {isa = PBXFileReference; lastKnownFileType = folder.assetcatalog; path = Assets.xcassets; sourceTree = "<group>"; };
		23F0B305292166930061B933 /* MarvelSwiftUICombine.entitlements */ = {isa = PBXFileReference; lastKnownFileType = text.plist.entitlements; path = MarvelSwiftUICombine.entitlements; sourceTree = "<group>"; };
		23F0B307292166930061B933 /* Preview Assets.xcassets */ = {isa = PBXFileReference; lastKnownFileType = folder.assetcatalog; path = "Preview Assets.xcassets"; sourceTree = "<group>"; };
		23F0B30D292166940061B933 /* MarvelSwiftUICombineTests.xctest */ = {isa = PBXFileReference; explicitFileType = wrapper.cfbundle; includeInIndex = 0; path = MarvelSwiftUICombineTests.xctest; sourceTree = BUILT_PRODUCTS_DIR; };
		23F0B311292166940061B933 /* MarvelSwiftUICombineTests.swift */ = {isa = PBXFileReference; lastKnownFileType = sourcecode.swift; path = MarvelSwiftUICombineTests.swift; sourceTree = "<group>"; };
		23F0B317292166940061B933 /* MarvelSwiftUICombineUITests.xctest */ = {isa = PBXFileReference; explicitFileType = wrapper.cfbundle; includeInIndex = 0; path = MarvelSwiftUICombineUITests.xctest; sourceTree = BUILT_PRODUCTS_DIR; };
		23F0B31B292166940061B933 /* MarvelSwiftUICombineUITests.swift */ = {isa = PBXFileReference; lastKnownFileType = sourcecode.swift; path = MarvelSwiftUICombineUITests.swift; sourceTree = "<group>"; };
		23F0B31D292166940061B933 /* MarvelSwiftUICombineUITestsLaunchTests.swift */ = {isa = PBXFileReference; lastKnownFileType = sourcecode.swift; path = MarvelSwiftUICombineUITestsLaunchTests.swift; sourceTree = "<group>"; };
		23F0B32E292166D10061B933 /* README.md */ = {isa = PBXFileReference; lastKnownFileType = net.daringfireball.markdown; path = README.md; sourceTree = "<group>"; };
/* End PBXFileReference section */

/* Begin PBXFrameworksBuildPhase section */
		23F0B2F9292166920061B933 /* Frameworks */ = {
			isa = PBXFrameworksBuildPhase;
			buildActionMask = 2147483647;
			files = (
			);
			runOnlyForDeploymentPostprocessing = 0;
		};
		23F0B30A292166940061B933 /* Frameworks */ = {
			isa = PBXFrameworksBuildPhase;
			buildActionMask = 2147483647;
			files = (
			);
			runOnlyForDeploymentPostprocessing = 0;
		};
		23F0B314292166940061B933 /* Frameworks */ = {
			isa = PBXFrameworksBuildPhase;
			buildActionMask = 2147483647;
			files = (
			);
			runOnlyForDeploymentPostprocessing = 0;
		};
/* End PBXFrameworksBuildPhase section */

/* Begin PBXGroup section */
		23F0B2F3292166920061B933 = {
			isa = PBXGroup;
			children = (
				23F0B32E292166D10061B933 /* README.md */,
				23F0B2FE292166920061B933 /* MarvelSwiftUICombine */,
				23F0B310292166940061B933 /* MarvelSwiftUICombineTests */,
				23F0B31A292166940061B933 /* MarvelSwiftUICombineUITests */,
				23F0B2FD292166920061B933 /* Products */,
			);
			sourceTree = "<group>";
		};
		23F0B2FD292166920061B933 /* Products */ = {
			isa = PBXGroup;
			children = (
				23F0B2FC292166920061B933 /* MarvelSwiftUICombine.app */,
				23F0B30D292166940061B933 /* MarvelSwiftUICombineTests.xctest */,
				23F0B317292166940061B933 /* MarvelSwiftUICombineUITests.xctest */,
			);
			name = Products;
			sourceTree = "<group>";
		};
		23F0B2FE292166920061B933 /* MarvelSwiftUICombine */ = {
			isa = PBXGroup;
			children = (
				23F0B32A292166AE0061B933 /* App */,
				23F0B32B292166B40061B933 /* Domain */,
				23F0B32F2921672E0061B933 /* UI */,
				23F0B301292166920061B933 /* ContentView.swift */,
				23F0B303292166930061B933 /* Assets.xcassets */,
				23F0B305292166930061B933 /* MarvelSwiftUICombine.entitlements */,
				23F0B306292166930061B933 /* Preview Content */,
			);
			path = MarvelSwiftUICombine;
			sourceTree = "<group>";
		};
		23F0B306292166930061B933 /* Preview Content */ = {
			isa = PBXGroup;
			children = (
				23F0B307292166930061B933 /* Preview Assets.xcassets */,
			);
			path = "Preview Content";
			sourceTree = "<group>";
		};
		23F0B310292166940061B933 /* MarvelSwiftUICombineTests */ = {
			isa = PBXGroup;
			children = (
				23F0B311292166940061B933 /* MarvelSwiftUICombineTests.swift */,
			);
			path = MarvelSwiftUICombineTests;
			sourceTree = "<group>";
		};
		23F0B31A292166940061B933 /* MarvelSwiftUICombineUITests */ = {
			isa = PBXGroup;
			children = (
				23F0B31B292166940061B933 /* MarvelSwiftUICombineUITests.swift */,
				23F0B31D292166940061B933 /* MarvelSwiftUICombineUITestsLaunchTests.swift */,
			);
			path = MarvelSwiftUICombineUITests;
			sourceTree = "<group>";
		};
		23F0B32A292166AE0061B933 /* App */ = {
			isa = PBXGroup;
			children = (
				23F0B2FF292166920061B933 /* MarvelSwiftUICombineApp.swift */,
			);
			path = App;
			sourceTree = "<group>";
		};
		23F0B32B292166B40061B933 /* Domain */ = {
			isa = PBXGroup;
			children = (
				23F0B32D292166C00061B933 /* Tools */,
				23F0B32C292166BA0061B933 /* Services */,
			);
			path = Domain;
			sourceTree = "<group>";
		};
		23F0B32C292166BA0061B933 /* Services */ = {
			isa = PBXGroup;
			children = (
			);
			path = Services;
			sourceTree = "<group>";
		};
		23F0B32D292166C00061B933 /* Tools */ = {
			isa = PBXGroup;
			children = (
			);
			path = Tools;
			sourceTree = "<group>";
		};
		23F0B32F2921672E0061B933 /* UI */ = {
			isa = PBXGroup;
			children = (
				23F0B330292167490061B933 /* Root */,
				23F0B331292167550061B933 /* Heroes */,
				23F0B3322921675D0061B933 /* Comics */,
			);
			path = UI;
			sourceTree = "<group>";
		};
		23F0B330292167490061B933 /* Root */ = {
			isa = PBXGroup;
			children = (
			);
			path = Root;
			sourceTree = "<group>";
		};
		23F0B331292167550061B933 /* Heroes */ = {
			isa = PBXGroup;
			children = (
			);
			path = Heroes;
			sourceTree = "<group>";
		};
		23F0B3322921675D0061B933 /* Comics */ = {
			isa = PBXGroup;
			children = (
			);
			path = Comics;
			sourceTree = "<group>";
		};
/* End PBXGroup section */

/* Begin PBXNativeTarget section */
		23F0B2FB292166920061B933 /* MarvelSwiftUICombine */ = {
			isa = PBXNativeTarget;
			buildConfigurationList = 23F0B321292166940061B933 /* Build configuration list for PBXNativeTarget "MarvelSwiftUICombine" */;
			buildPhases = (
				23F0B2F8292166920061B933 /* Sources */,
				23F0B2F9292166920061B933 /* Frameworks */,
				23F0B2FA292166920061B933 /* Resources */,
			);
			buildRules = (
			);
			dependencies = (
			);
			name = MarvelSwiftUICombine;
			productName = MarvelSwiftUICombine;
			productReference = 23F0B2FC292166920061B933 /* MarvelSwiftUICombine.app */;
			productType = "com.apple.product-type.application";
		};
		23F0B30C292166940061B933 /* MarvelSwiftUICombineTests */ = {
			isa = PBXNativeTarget;
			buildConfigurationList = 23F0B324292166940061B933 /* Build configuration list for PBXNativeTarget "MarvelSwiftUICombineTests" */;
			buildPhases = (
				23F0B309292166940061B933 /* Sources */,
				23F0B30A292166940061B933 /* Frameworks */,
				23F0B30B292166940061B933 /* Resources */,
			);
			buildRules = (
			);
			dependencies = (
				23F0B30F292166940061B933 /* PBXTargetDependency */,
			);
			name = MarvelSwiftUICombineTests;
			productName = MarvelSwiftUICombineTests;
			productReference = 23F0B30D292166940061B933 /* MarvelSwiftUICombineTests.xctest */;
			productType = "com.apple.product-type.bundle.unit-test";
		};
		23F0B316292166940061B933 /* MarvelSwiftUICombineUITests */ = {
			isa = PBXNativeTarget;
			buildConfigurationList = 23F0B327292166940061B933 /* Build configuration list for PBXNativeTarget "MarvelSwiftUICombineUITests" */;
			buildPhases = (
				23F0B313292166940061B933 /* Sources */,
				23F0B314292166940061B933 /* Frameworks */,
				23F0B315292166940061B933 /* Resources */,
			);
			buildRules = (
			);
			dependencies = (
				23F0B319292166940061B933 /* PBXTargetDependency */,
			);
			name = MarvelSwiftUICombineUITests;
			productName = MarvelSwiftUICombineUITests;
			productReference = 23F0B317292166940061B933 /* MarvelSwiftUICombineUITests.xctest */;
			productType = "com.apple.product-type.bundle.ui-testing";
		};
/* End PBXNativeTarget section */

/* Begin PBXProject section */
		23F0B2F4292166920061B933 /* Project object */ = {
			isa = PBXProject;
			attributes = {
				BuildIndependentTargetsInParallel = 1;
				LastSwiftUpdateCheck = 1410;
				LastUpgradeCheck = 1410;
				TargetAttributes = {
					23F0B2FB292166920061B933 = {
						CreatedOnToolsVersion = 14.1;
					};
					23F0B30C292166940061B933 = {
						CreatedOnToolsVersion = 14.1;
						TestTargetID = 23F0B2FB292166920061B933;
					};
					23F0B316292166940061B933 = {
						CreatedOnToolsVersion = 14.1;
						TestTargetID = 23F0B2FB292166920061B933;
					};
				};
			};
			buildConfigurationList = 23F0B2F7292166920061B933 /* Build configuration list for PBXProject "MarvelSwiftUICombine" */;
			compatibilityVersion = "Xcode 14.0";
			developmentRegion = en;
			hasScannedForEncodings = 0;
			knownRegions = (
				en,
				Base,
			);
			mainGroup = 23F0B2F3292166920061B933;
			productRefGroup = 23F0B2FD292166920061B933 /* Products */;
			projectDirPath = "";
			projectRoot = "";
			targets = (
				23F0B2FB292166920061B933 /* MarvelSwiftUICombine */,
				23F0B30C292166940061B933 /* MarvelSwiftUICombineTests */,
				23F0B316292166940061B933 /* MarvelSwiftUICombineUITests */,
			);
		};
/* End PBXProject section */

/* Begin PBXResourcesBuildPhase section */
		23F0B2FA292166920061B933 /* Resources */ = {
			isa = PBXResourcesBuildPhase;
			buildActionMask = 2147483647;
			files = (
				23F0B308292166930061B933 /* Preview Assets.xcassets in Resources */,
				23F0B304292166930061B933 /* Assets.xcassets in Resources */,
			);
			runOnlyForDeploymentPostprocessing = 0;
		};
		23F0B30B292166940061B933 /* Resources */ = {
			isa = PBXResourcesBuildPhase;
			buildActionMask = 2147483647;
			files = (
			);
			runOnlyForDeploymentPostprocessing = 0;
		};
		23F0B315292166940061B933 /* Resources */ = {
			isa = PBXResourcesBuildPhase;
			buildActionMask = 2147483647;
			files = (
			);
			runOnlyForDeploymentPostprocessing = 0;
		};
/* End PBXResourcesBuildPhase section */

/* Begin PBXSourcesBuildPhase section */
		23F0B2F8292166920061B933 /* Sources */ = {
			isa = PBXSourcesBuildPhase;
			buildActionMask = 2147483647;
			files = (
				23F0B302292166920061B933 /* ContentView.swift in Sources */,
				23F0B300292166920061B933 /* MarvelSwiftUICombineApp.swift in Sources */,
			);
			runOnlyForDeploymentPostprocessing = 0;
		};
		23F0B309292166940061B933 /* Sources */ = {
			isa = PBXSourcesBuildPhase;
			buildActionMask = 2147483647;
			files = (
				23F0B312292166940061B933 /* MarvelSwiftUICombineTests.swift in Sources */,
			);
			runOnlyForDeploymentPostprocessing = 0;
		};
		23F0B313292166940061B933 /* Sources */ = {
			isa = PBXSourcesBuildPhase;
			buildActionMask = 2147483647;
			files = (
				23F0B31C292166940061B933 /* MarvelSwiftUICombineUITests.swift in Sources */,
				23F0B31E292166940061B933 /* MarvelSwiftUICombineUITestsLaunchTests.swift in Sources */,
			);
			runOnlyForDeploymentPostprocessing = 0;
		};
/* End PBXSourcesBuildPhase section */

/* Begin PBXTargetDependency section */
		23F0B30F292166940061B933 /* PBXTargetDependency */ = {
			isa = PBXTargetDependency;
			target = 23F0B2FB292166920061B933 /* MarvelSwiftUICombine */;
			targetProxy = 23F0B30E292166940061B933 /* PBXContainerItemProxy */;
		};
		23F0B319292166940061B933 /* PBXTargetDependency */ = {
			isa = PBXTargetDependency;
			target = 23F0B2FB292166920061B933 /* MarvelSwiftUICombine */;
			targetProxy = 23F0B318292166940061B933 /* PBXContainerItemProxy */;
		};
/* End PBXTargetDependency section */

/* Begin XCBuildConfiguration section */
		23F0B31F292166940061B933 /* Debug */ = {
			isa = XCBuildConfiguration;
			buildSettings = {
				ALWAYS_SEARCH_USER_PATHS = NO;
				CLANG_ANALYZER_NONNULL = YES;
				CLANG_ANALYZER_NUMBER_OBJECT_CONVERSION = YES_AGGRESSIVE;
				CLANG_CXX_LANGUAGE_STANDARD = "gnu++20";
				CLANG_ENABLE_MODULES = YES;
				CLANG_ENABLE_OBJC_ARC = YES;
				CLANG_ENABLE_OBJC_WEAK = YES;
				CLANG_WARN_BLOCK_CAPTURE_AUTORELEASING = YES;
				CLANG_WARN_BOOL_CONVERSION = YES;
				CLANG_WARN_COMMA = YES;
				CLANG_WARN_CONSTANT_CONVERSION = YES;
				CLANG_WARN_DEPRECATED_OBJC_IMPLEMENTATIONS = YES;
				CLANG_WARN_DIRECT_OBJC_ISA_USAGE = YES_ERROR;
				CLANG_WARN_DOCUMENTATION_COMMENTS = YES;
				CLANG_WARN_EMPTY_BODY = YES;
				CLANG_WARN_ENUM_CONVERSION = YES;
				CLANG_WARN_INFINITE_RECURSION = YES;
				CLANG_WARN_INT_CONVERSION = YES;
				CLANG_WARN_NON_LITERAL_NULL_CONVERSION = YES;
				CLANG_WARN_OBJC_IMPLICIT_RETAIN_SELF = YES;
				CLANG_WARN_OBJC_LITERAL_CONVERSION = YES;
				CLANG_WARN_OBJC_ROOT_CLASS = YES_ERROR;
				CLANG_WARN_QUOTED_INCLUDE_IN_FRAMEWORK_HEADER = YES;
				CLANG_WARN_RANGE_LOOP_ANALYSIS = YES;
				CLANG_WARN_STRICT_PROTOTYPES = YES;
				CLANG_WARN_SUSPICIOUS_MOVE = YES;
				CLANG_WARN_UNGUARDED_AVAILABILITY = YES_AGGRESSIVE;
				CLANG_WARN_UNREACHABLE_CODE = YES;
				CLANG_WARN__DUPLICATE_METHOD_MATCH = YES;
				COPY_PHASE_STRIP = NO;
				DEBUG_INFORMATION_FORMAT = dwarf;
				ENABLE_STRICT_OBJC_MSGSEND = YES;
				ENABLE_TESTABILITY = YES;
				GCC_C_LANGUAGE_STANDARD = gnu11;
				GCC_DYNAMIC_NO_PIC = NO;
				GCC_NO_COMMON_BLOCKS = YES;
				GCC_OPTIMIZATION_LEVEL = 0;
				GCC_PREPROCESSOR_DEFINITIONS = (
					"DEBUG=1",
					"$(inherited)",
				);
				GCC_WARN_64_TO_32_BIT_CONVERSION = YES;
				GCC_WARN_ABOUT_RETURN_TYPE = YES_ERROR;
				GCC_WARN_UNDECLARED_SELECTOR = YES;
				GCC_WARN_UNINITIALIZED_AUTOS = YES_AGGRESSIVE;
				GCC_WARN_UNUSED_FUNCTION = YES;
				GCC_WARN_UNUSED_VARIABLE = YES;
				MTL_ENABLE_DEBUG_INFO = INCLUDE_SOURCE;
				MTL_FAST_MATH = YES;
				ONLY_ACTIVE_ARCH = YES;
				SWIFT_ACTIVE_COMPILATION_CONDITIONS = DEBUG;
				SWIFT_OPTIMIZATION_LEVEL = "-Onone";
			};
			name = Debug;
		};
		23F0B320292166940061B933 /* Release */ = {
			isa = XCBuildConfiguration;
			buildSettings = {
				ALWAYS_SEARCH_USER_PATHS = NO;
				CLANG_ANALYZER_NONNULL = YES;
				CLANG_ANALYZER_NUMBER_OBJECT_CONVERSION = YES_AGGRESSIVE;
				CLANG_CXX_LANGUAGE_STANDARD = "gnu++20";
				CLANG_ENABLE_MODULES = YES;
				CLANG_ENABLE_OBJC_ARC = YES;
				CLANG_ENABLE_OBJC_WEAK = YES;
				CLANG_WARN_BLOCK_CAPTURE_AUTORELEASING = YES;
				CLANG_WARN_BOOL_CONVERSION = YES;
				CLANG_WARN_COMMA = YES;
				CLANG_WARN_CONSTANT_CONVERSION = YES;
				CLANG_WARN_DEPRECATED_OBJC_IMPLEMENTATIONS = YES;
				CLANG_WARN_DIRECT_OBJC_ISA_USAGE = YES_ERROR;
				CLANG_WARN_DOCUMENTATION_COMMENTS = YES;
				CLANG_WARN_EMPTY_BODY = YES;
				CLANG_WARN_ENUM_CONVERSION = YES;
				CLANG_WARN_INFINITE_RECURSION = YES;
				CLANG_WARN_INT_CONVERSION = YES;
				CLANG_WARN_NON_LITERAL_NULL_CONVERSION = YES;
				CLANG_WARN_OBJC_IMPLICIT_RETAIN_SELF = YES;
				CLANG_WARN_OBJC_LITERAL_CONVERSION = YES;
				CLANG_WARN_OBJC_ROOT_CLASS = YES_ERROR;
				CLANG_WARN_QUOTED_INCLUDE_IN_FRAMEWORK_HEADER = YES;
				CLANG_WARN_RANGE_LOOP_ANALYSIS = YES;
				CLANG_WARN_STRICT_PROTOTYPES = YES;
				CLANG_WARN_SUSPICIOUS_MOVE = YES;
				CLANG_WARN_UNGUARDED_AVAILABILITY = YES_AGGRESSIVE;
				CLANG_WARN_UNREACHABLE_CODE = YES;
				CLANG_WARN__DUPLICATE_METHOD_MATCH = YES;
				COPY_PHASE_STRIP = NO;
				DEBUG_INFORMATION_FORMAT = "dwarf-with-dsym";
				ENABLE_NS_ASSERTIONS = NO;
				ENABLE_STRICT_OBJC_MSGSEND = YES;
				GCC_C_LANGUAGE_STANDARD = gnu11;
				GCC_NO_COMMON_BLOCKS = YES;
				GCC_WARN_64_TO_32_BIT_CONVERSION = YES;
				GCC_WARN_ABOUT_RETURN_TYPE = YES_ERROR;
				GCC_WARN_UNDECLARED_SELECTOR = YES;
				GCC_WARN_UNINITIALIZED_AUTOS = YES_AGGRESSIVE;
				GCC_WARN_UNUSED_FUNCTION = YES;
				GCC_WARN_UNUSED_VARIABLE = YES;
				MTL_ENABLE_DEBUG_INFO = NO;
				MTL_FAST_MATH = YES;
				SWIFT_COMPILATION_MODE = wholemodule;
				SWIFT_OPTIMIZATION_LEVEL = "-O";
			};
			name = Release;
		};
		23F0B322292166940061B933 /* Debug */ = {
			isa = XCBuildConfiguration;
			buildSettings = {
				ASSETCATALOG_COMPILER_APPICON_NAME = AppIcon;
				ASSETCATALOG_COMPILER_GLOBAL_ACCENT_COLOR_NAME = AccentColor;
				CODE_SIGN_ENTITLEMENTS = MarvelSwiftUICombine/MarvelSwiftUICombine.entitlements;
				CODE_SIGN_STYLE = Automatic;
				CURRENT_PROJECT_VERSION = 1;
				DEVELOPMENT_ASSET_PATHS = "\"MarvelSwiftUICombine/Preview Content\"";
				ENABLE_PREVIEWS = YES;
				GENERATE_INFOPLIST_FILE = YES;
				"INFOPLIST_KEY_UIApplicationSceneManifest_Generation[sdk=iphoneos*]" = YES;
				"INFOPLIST_KEY_UIApplicationSceneManifest_Generation[sdk=iphonesimulator*]" = YES;
				"INFOPLIST_KEY_UIApplicationSupportsIndirectInputEvents[sdk=iphoneos*]" = YES;
				"INFOPLIST_KEY_UIApplicationSupportsIndirectInputEvents[sdk=iphonesimulator*]" = YES;
				"INFOPLIST_KEY_UILaunchScreen_Generation[sdk=iphoneos*]" = YES;
				"INFOPLIST_KEY_UILaunchScreen_Generation[sdk=iphonesimulator*]" = YES;
				"INFOPLIST_KEY_UIStatusBarStyle[sdk=iphoneos*]" = UIStatusBarStyleDefault;
				"INFOPLIST_KEY_UIStatusBarStyle[sdk=iphonesimulator*]" = UIStatusBarStyleDefault;
				INFOPLIST_KEY_UISupportedInterfaceOrientations_iPad = "UIInterfaceOrientationPortrait UIInterfaceOrientationPortraitUpsideDown UIInterfaceOrientationLandscapeLeft UIInterfaceOrientationLandscapeRight";
				INFOPLIST_KEY_UISupportedInterfaceOrientations_iPhone = "UIInterfaceOrientationPortrait UIInterfaceOrientationLandscapeLeft UIInterfaceOrientationLandscapeRight";
				IPHONEOS_DEPLOYMENT_TARGET = 16.1;
				LD_RUNPATH_SEARCH_PATHS = "@executable_path/Frameworks";
				"LD_RUNPATH_SEARCH_PATHS[sdk=macosx*]" = "@executable_path/../Frameworks";
				MACOSX_DEPLOYMENT_TARGET = 13.0;
				MARKETING_VERSION = 1.0;
				PRODUCT_BUNDLE_IDENTIFIER = com.robert.rs.DragonBallSwiftUICombine.MarvelSwiftUICombine;
				PRODUCT_NAME = "$(TARGET_NAME)";
				SDKROOT = auto;
				SUPPORTED_PLATFORMS = "iphoneos iphonesimulator macosx";
				SWIFT_EMIT_LOC_STRINGS = YES;
				SWIFT_VERSION = 5.0;
				TARGETED_DEVICE_FAMILY = "1,2";
			};
			name = Debug;
		};
		23F0B323292166940061B933 /* Release */ = {
			isa = XCBuildConfiguration;
			buildSettings = {
				ASSETCATALOG_COMPILER_APPICON_NAME = AppIcon;
				ASSETCATALOG_COMPILER_GLOBAL_ACCENT_COLOR_NAME = AccentColor;
				CODE_SIGN_ENTITLEMENTS = MarvelSwiftUICombine/MarvelSwiftUICombine.entitlements;
				CODE_SIGN_STYLE = Automatic;
				CURRENT_PROJECT_VERSION = 1;
				DEVELOPMENT_ASSET_PATHS = "\"MarvelSwiftUICombine/Preview Content\"";
				ENABLE_PREVIEWS = YES;
				GENERATE_INFOPLIST_FILE = YES;
				"INFOPLIST_KEY_UIApplicationSceneManifest_Generation[sdk=iphoneos*]" = YES;
				"INFOPLIST_KEY_UIApplicationSceneManifest_Generation[sdk=iphonesimulator*]" = YES;
				"INFOPLIST_KEY_UIApplicationSupportsIndirectInputEvents[sdk=iphoneos*]" = YES;
				"INFOPLIST_KEY_UIApplicationSupportsIndirectInputEvents[sdk=iphonesimulator*]" = YES;
				"INFOPLIST_KEY_UILaunchScreen_Generation[sdk=iphoneos*]" = YES;
				"INFOPLIST_KEY_UILaunchScreen_Generation[sdk=iphonesimulator*]" = YES;
				"INFOPLIST_KEY_UIStatusBarStyle[sdk=iphoneos*]" = UIStatusBarStyleDefault;
				"INFOPLIST_KEY_UIStatusBarStyle[sdk=iphonesimulator*]" = UIStatusBarStyleDefault;
				INFOPLIST_KEY_UISupportedInterfaceOrientations_iPad = "UIInterfaceOrientationPortrait UIInterfaceOrientationPortraitUpsideDown UIInterfaceOrientationLandscapeLeft UIInterfaceOrientationLandscapeRight";
				INFOPLIST_KEY_UISupportedInterfaceOrientations_iPhone = "UIInterfaceOrientationPortrait UIInterfaceOrientationLandscapeLeft UIInterfaceOrientationLandscapeRight";
				IPHONEOS_DEPLOYMENT_TARGET = 16.1;
				LD_RUNPATH_SEARCH_PATHS = "@executable_path/Frameworks";
				"LD_RUNPATH_SEARCH_PATHS[sdk=macosx*]" = "@executable_path/../Frameworks";
				MACOSX_DEPLOYMENT_TARGET = 13.0;
				MARKETING_VERSION = 1.0;
				PRODUCT_BUNDLE_IDENTIFIER = com.robert.rs.DragonBallSwiftUICombine.MarvelSwiftUICombine;
				PRODUCT_NAME = "$(TARGET_NAME)";
				SDKROOT = auto;
				SUPPORTED_PLATFORMS = "iphoneos iphonesimulator macosx";
				SWIFT_EMIT_LOC_STRINGS = YES;
				SWIFT_VERSION = 5.0;
				TARGETED_DEVICE_FAMILY = "1,2";
			};
			name = Release;
		};
		23F0B325292166940061B933 /* Debug */ = {
			isa = XCBuildConfiguration;
			buildSettings = {
				ALWAYS_EMBED_SWIFT_STANDARD_LIBRARIES = YES;
				BUNDLE_LOADER = "$(TEST_HOST)";
				CODE_SIGN_STYLE = Automatic;
				CURRENT_PROJECT_VERSION = 1;
				GENERATE_INFOPLIST_FILE = YES;
				IPHONEOS_DEPLOYMENT_TARGET = 16.1;
				MACOSX_DEPLOYMENT_TARGET = 13.0;
				MARKETING_VERSION = 1.0;
				PRODUCT_BUNDLE_IDENTIFIER = com.robert.rs.DragonBallSwiftUICombine.MarvelSwiftUICombineTests;
				PRODUCT_NAME = "$(TARGET_NAME)";
				SDKROOT = auto;
				SUPPORTED_PLATFORMS = "iphoneos iphonesimulator macosx";
				SWIFT_EMIT_LOC_STRINGS = NO;
				SWIFT_VERSION = 5.0;
				TARGETED_DEVICE_FAMILY = "1,2";
				TEST_HOST = "$(BUILT_PRODUCTS_DIR)/MarvelSwiftUICombine.app/$(BUNDLE_EXECUTABLE_FOLDER_PATH)/MarvelSwiftUICombine";
			};
			name = Debug;
		};
		23F0B326292166940061B933 /* Release */ = {
			isa = XCBuildConfiguration;
			buildSettings = {
				ALWAYS_EMBED_SWIFT_STANDARD_LIBRARIES = YES;
				BUNDLE_LOADER = "$(TEST_HOST)";
				CODE_SIGN_STYLE = Automatic;
				CURRENT_PROJECT_VERSION = 1;
				GENERATE_INFOPLIST_FILE = YES;
				IPHONEOS_DEPLOYMENT_TARGET = 16.1;
				MACOSX_DEPLOYMENT_TARGET = 13.0;
				MARKETING_VERSION = 1.0;
				PRODUCT_BUNDLE_IDENTIFIER = com.robert.rs.DragonBallSwiftUICombine.MarvelSwiftUICombineTests;
				PRODUCT_NAME = "$(TARGET_NAME)";
				SDKROOT = auto;
				SUPPORTED_PLATFORMS = "iphoneos iphonesimulator macosx";
				SWIFT_EMIT_LOC_STRINGS = NO;
				SWIFT_VERSION = 5.0;
				TARGETED_DEVICE_FAMILY = "1,2";
				TEST_HOST = "$(BUILT_PRODUCTS_DIR)/MarvelSwiftUICombine.app/$(BUNDLE_EXECUTABLE_FOLDER_PATH)/MarvelSwiftUICombine";
			};
			name = Release;
		};
		23F0B328292166940061B933 /* Debug */ = {
			isa = XCBuildConfiguration;
			buildSettings = {
				ALWAYS_EMBED_SWIFT_STANDARD_LIBRARIES = YES;
				CODE_SIGN_STYLE = Automatic;
				CURRENT_PROJECT_VERSION = 1;
				GENERATE_INFOPLIST_FILE = YES;
				IPHONEOS_DEPLOYMENT_TARGET = 16.1;
				MACOSX_DEPLOYMENT_TARGET = 13.0;
				MARKETING_VERSION = 1.0;
				PRODUCT_BUNDLE_IDENTIFIER = com.robert.rs.DragonBallSwiftUICombine.MarvelSwiftUICombineUITests;
				PRODUCT_NAME = "$(TARGET_NAME)";
				SDKROOT = auto;
				SUPPORTED_PLATFORMS = "iphoneos iphonesimulator macosx";
				SWIFT_EMIT_LOC_STRINGS = NO;
				SWIFT_VERSION = 5.0;
				TARGETED_DEVICE_FAMILY = "1,2";
				TEST_TARGET_NAME = MarvelSwiftUICombine;
			};
			name = Debug;
		};
		23F0B329292166940061B933 /* Release */ = {
			isa = XCBuildConfiguration;
			buildSettings = {
				ALWAYS_EMBED_SWIFT_STANDARD_LIBRARIES = YES;
				CODE_SIGN_STYLE = Automatic;
				CURRENT_PROJECT_VERSION = 1;
				GENERATE_INFOPLIST_FILE = YES;
				IPHONEOS_DEPLOYMENT_TARGET = 16.1;
				MACOSX_DEPLOYMENT_TARGET = 13.0;
				MARKETING_VERSION = 1.0;
				PRODUCT_BUNDLE_IDENTIFIER = com.robert.rs.DragonBallSwiftUICombine.MarvelSwiftUICombineUITests;
				PRODUCT_NAME = "$(TARGET_NAME)";
				SDKROOT = auto;
				SUPPORTED_PLATFORMS = "iphoneos iphonesimulator macosx";
				SWIFT_EMIT_LOC_STRINGS = NO;
				SWIFT_VERSION = 5.0;
				TARGETED_DEVICE_FAMILY = "1,2";
				TEST_TARGET_NAME = MarvelSwiftUICombine;
			};
			name = Release;
		};
/* End XCBuildConfiguration section */

/* Begin XCConfigurationList section */
		23F0B2F7292166920061B933 /* Build configuration list for PBXProject "MarvelSwiftUICombine" */ = {
			isa = XCConfigurationList;
			buildConfigurations = (
				23F0B31F292166940061B933 /* Debug */,
				23F0B320292166940061B933 /* Release */,
			);
			defaultConfigurationIsVisible = 0;
			defaultConfigurationName = Release;
		};
		23F0B321292166940061B933 /* Build configuration list for PBXNativeTarget "MarvelSwiftUICombine" */ = {
			isa = XCConfigurationList;
			buildConfigurations = (
				23F0B322292166940061B933 /* Debug */,
				23F0B323292166940061B933 /* Release */,
			);
			defaultConfigurationIsVisible = 0;
			defaultConfigurationName = Release;
		};
		23F0B324292166940061B933 /* Build configuration list for PBXNativeTarget "MarvelSwiftUICombineTests" */ = {
			isa = XCConfigurationList;
			buildConfigurations = (
				23F0B325292166940061B933 /* Debug */,
				23F0B326292166940061B933 /* Release */,
			);
			defaultConfigurationIsVisible = 0;
			defaultConfigurationName = Release;
		};
		23F0B327292166940061B933 /* Build configuration list for PBXNativeTarget "MarvelSwiftUICombineUITests" */ = {
			isa = XCConfigurationList;
			buildConfigurations = (
				23F0B328292166940061B933 /* Debug */,
				23F0B329292166940061B933 /* Release */,
			);
			defaultConfigurationIsVisible = 0;
			defaultConfigurationName = Release;
		};
/* End XCConfigurationList section */
	};
	rootObject = 23F0B2F4292166920061B933 /* Project object */;
}
