// !$*UTF8*$!
{
	archiveVersion = 1;
	classes = {
	};
	objectVersion = 56;
	objects = {

/* Begin PBXBuildFile section */
		23340331292339EB007B9570 /* ComicModel.swift in Sources */ = {isa = PBXBuildFile; fileRef = 23340330292339EB007B9570 /* ComicModel.swift */; };
		23340332292339EB007B9570 /* ComicModel.swift in Sources */ = {isa = PBXBuildFile; fileRef = 23340330292339EB007B9570 /* ComicModel.swift */; };
		23340333292339EB007B9570 /* ComicModel.swift in Sources */ = {isa = PBXBuildFile; fileRef = 23340330292339EB007B9570 /* ComicModel.swift */; };
		2334033529233A54007B9570 /* Thumbnail.swift in Sources */ = {isa = PBXBuildFile; fileRef = 2334033429233A54007B9570 /* Thumbnail.swift */; };
		2334033629233A54007B9570 /* Thumbnail.swift in Sources */ = {isa = PBXBuildFile; fileRef = 2334033429233A54007B9570 /* Thumbnail.swift */; };
		2334033729233A54007B9570 /* Thumbnail.swift in Sources */ = {isa = PBXBuildFile; fileRef = 2334033429233A54007B9570 /* Thumbnail.swift */; };
		234D396F2985A75200E46897 /* ViewInspector in Frameworks */ = {isa = PBXBuildFile; productRef = 234D396E2985A75200E46897 /* ViewInspector */; };
		234D39752985ACA300E46897 /* XCTest.framework in Frameworks */ = {isa = PBXBuildFile; fileRef = 234D39742985ACA300E46897 /* XCTest.framework */; };
		234D39772985ACD400E46897 /* LoadingView_Tests.swift in Sources */ = {isa = PBXBuildFile; fileRef = 234D39762985ACD400E46897 /* LoadingView_Tests.swift */; };
		235DA0502921C5AC00748122 /* HeroesRowView.swift in Sources */ = {isa = PBXBuildFile; fileRef = 235DA04F2921C5AC00748122 /* HeroesRowView.swift */; };
		235DA0512921C5AC00748122 /* HeroesRowView.swift in Sources */ = {isa = PBXBuildFile; fileRef = 235DA04F2921C5AC00748122 /* HeroesRowView.swift */; };
		235DA0522921C5AC00748122 /* HeroesRowView.swift in Sources */ = {isa = PBXBuildFile; fileRef = 235DA04F2921C5AC00748122 /* HeroesRowView.swift */; };
		235DA0562921CD7900748122 /* LoadingView.swift in Sources */ = {isa = PBXBuildFile; fileRef = 235DA0552921CD7900748122 /* LoadingView.swift */; };
		235DA0572921CD7900748122 /* LoadingView.swift in Sources */ = {isa = PBXBuildFile; fileRef = 235DA0552921CD7900748122 /* LoadingView.swift */; };
		235DA0582921CD7900748122 /* LoadingView.swift in Sources */ = {isa = PBXBuildFile; fileRef = 235DA0552921CD7900748122 /* LoadingView.swift */; };
		235DA05A2921CD8100748122 /* ErrorViewHeroes.swift in Sources */ = {isa = PBXBuildFile; fileRef = 235DA0592921CD8100748122 /* ErrorViewHeroes.swift */; };
		235DA05B2921CD8100748122 /* ErrorViewHeroes.swift in Sources */ = {isa = PBXBuildFile; fileRef = 235DA0592921CD8100748122 /* ErrorViewHeroes.swift */; };
		235DA05C2921CD8100748122 /* ErrorViewHeroes.swift in Sources */ = {isa = PBXBuildFile; fileRef = 235DA0592921CD8100748122 /* ErrorViewHeroes.swift */; };
		23885B7D298449CD000D0346 /* HeroesViewModel_Tests.swift in Sources */ = {isa = PBXBuildFile; fileRef = 23885B7C298449CD000D0346 /* HeroesViewModel_Tests.swift */; };
		23885B8029844EC2000D0346 /* NetworkManager_Tests.swift in Sources */ = {isa = PBXBuildFile; fileRef = 23885B7F29844EC2000D0346 /* NetworkManager_Tests.swift */; };
		23885B8729845145000D0346 /* MediaViewModel_Tests.swift in Sources */ = {isa = PBXBuildFile; fileRef = 23885B8629845145000D0346 /* MediaViewModel_Tests.swift */; };
		238BAE6E292AA45B007D5627 /* MediaViewModel.swift in Sources */ = {isa = PBXBuildFile; fileRef = 238BAE6D292AA45B007D5627 /* MediaViewModel.swift */; };
		238BAE6F292AA45B007D5627 /* MediaViewModel.swift in Sources */ = {isa = PBXBuildFile; fileRef = 238BAE6D292AA45B007D5627 /* MediaViewModel.swift */; };
		238BAE70292AA45B007D5627 /* MediaViewModel.swift in Sources */ = {isa = PBXBuildFile; fileRef = 238BAE6D292AA45B007D5627 /* MediaViewModel.swift */; };
		238BAE71292AA45B007D5627 /* MediaViewModel.swift in Sources */ = {isa = PBXBuildFile; fileRef = 238BAE6D292AA45B007D5627 /* MediaViewModel.swift */; };
		238BAE76292AA523007D5627 /* HeroesViewModel.swift in Sources */ = {isa = PBXBuildFile; fileRef = 238BAE75292AA523007D5627 /* HeroesViewModel.swift */; };
		238BAE77292AA523007D5627 /* HeroesViewModel.swift in Sources */ = {isa = PBXBuildFile; fileRef = 238BAE75292AA523007D5627 /* HeroesViewModel.swift */; };
		238BAE78292AA523007D5627 /* HeroesViewModel.swift in Sources */ = {isa = PBXBuildFile; fileRef = 238BAE75292AA523007D5627 /* HeroesViewModel.swift */; };
		238BAE79292AA523007D5627 /* HeroesViewModel.swift in Sources */ = {isa = PBXBuildFile; fileRef = 238BAE75292AA523007D5627 /* HeroesViewModel.swift */; };
		238BAE7B292AA52C007D5627 /* HeroesView.swift in Sources */ = {isa = PBXBuildFile; fileRef = 238BAE7A292AA52C007D5627 /* HeroesView.swift */; };
		238BAE7C292AA52C007D5627 /* HeroesView.swift in Sources */ = {isa = PBXBuildFile; fileRef = 238BAE7A292AA52C007D5627 /* HeroesView.swift */; };
		238BAE7D292AA52C007D5627 /* HeroesView.swift in Sources */ = {isa = PBXBuildFile; fileRef = 238BAE7A292AA52C007D5627 /* HeroesView.swift */; };
		238BAE7E292AA52C007D5627 /* HeroesView.swift in Sources */ = {isa = PBXBuildFile; fileRef = 238BAE7A292AA52C007D5627 /* HeroesView.swift */; };
		238BAE80292AA6DF007D5627 /* MediaMainView.swift in Sources */ = {isa = PBXBuildFile; fileRef = 238BAE7F292AA6DF007D5627 /* MediaMainView.swift */; };
		238BAE81292AA6DF007D5627 /* MediaMainView.swift in Sources */ = {isa = PBXBuildFile; fileRef = 238BAE7F292AA6DF007D5627 /* MediaMainView.swift */; };
		238BAE82292AA6DF007D5627 /* MediaMainView.swift in Sources */ = {isa = PBXBuildFile; fileRef = 238BAE7F292AA6DF007D5627 /* MediaMainView.swift */; };
		238BAE83292AA6DF007D5627 /* MediaMainView.swift in Sources */ = {isa = PBXBuildFile; fileRef = 238BAE7F292AA6DF007D5627 /* MediaMainView.swift */; };
		23D7690929351612001EF90B /* MediaView.swift in Sources */ = {isa = PBXBuildFile; fileRef = 23D7690829351612001EF90B /* MediaView.swift */; };
		23D7690A29351612001EF90B /* MediaView.swift in Sources */ = {isa = PBXBuildFile; fileRef = 23D7690829351612001EF90B /* MediaView.swift */; };
		23D7690B29351612001EF90B /* MediaView.swift in Sources */ = {isa = PBXBuildFile; fileRef = 23D7690829351612001EF90B /* MediaView.swift */; };
		23D7690C29351612001EF90B /* MediaView.swift in Sources */ = {isa = PBXBuildFile; fileRef = 23D7690829351612001EF90B /* MediaView.swift */; };
		23D7690E29351E9B001EF90B /* ErrorMediaView.swift in Sources */ = {isa = PBXBuildFile; fileRef = 23D7690D29351E9B001EF90B /* ErrorMediaView.swift */; };
		23D7690F29351E9B001EF90B /* ErrorMediaView.swift in Sources */ = {isa = PBXBuildFile; fileRef = 23D7690D29351E9B001EF90B /* ErrorMediaView.swift */; };
		23D7691029351E9B001EF90B /* ErrorMediaView.swift in Sources */ = {isa = PBXBuildFile; fileRef = 23D7690D29351E9B001EF90B /* ErrorMediaView.swift */; };
		23D7691129351E9B001EF90B /* ErrorMediaView.swift in Sources */ = {isa = PBXBuildFile; fileRef = 23D7690D29351E9B001EF90B /* ErrorMediaView.swift */; };
		23D7691329353181001EF90B /* SerieModel.swift in Sources */ = {isa = PBXBuildFile; fileRef = 23D7691229353181001EF90B /* SerieModel.swift */; };
		23D7691429353181001EF90B /* SerieModel.swift in Sources */ = {isa = PBXBuildFile; fileRef = 23D7691229353181001EF90B /* SerieModel.swift */; };
		23D7691529353181001EF90B /* SerieModel.swift in Sources */ = {isa = PBXBuildFile; fileRef = 23D7691229353181001EF90B /* SerieModel.swift */; };
		23D7691629353181001EF90B /* SerieModel.swift in Sources */ = {isa = PBXBuildFile; fileRef = 23D7691229353181001EF90B /* SerieModel.swift */; };
		23D76918293531E6001EF90B /* ComicsRowView.swift in Sources */ = {isa = PBXBuildFile; fileRef = 23D76917293531E6001EF90B /* ComicsRowView.swift */; };
		23D76919293531E6001EF90B /* ComicsRowView.swift in Sources */ = {isa = PBXBuildFile; fileRef = 23D76917293531E6001EF90B /* ComicsRowView.swift */; };
		23D7691A293531E6001EF90B /* ComicsRowView.swift in Sources */ = {isa = PBXBuildFile; fileRef = 23D76917293531E6001EF90B /* ComicsRowView.swift */; };
		23D7691B293531E6001EF90B /* ComicsRowView.swift in Sources */ = {isa = PBXBuildFile; fileRef = 23D76917293531E6001EF90B /* ComicsRowView.swift */; };
		23D7691E293539E4001EF90B /* Views + Extensions.swift in Sources */ = {isa = PBXBuildFile; fileRef = 23D7691D293539E4001EF90B /* Views + Extensions.swift */; };
		23D7691F293539E4001EF90B /* Views + Extensions.swift in Sources */ = {isa = PBXBuildFile; fileRef = 23D7691D293539E4001EF90B /* Views + Extensions.swift */; };
		23D76920293539E4001EF90B /* Views + Extensions.swift in Sources */ = {isa = PBXBuildFile; fileRef = 23D7691D293539E4001EF90B /* Views + Extensions.swift */; };
		23D76921293539E4001EF90B /* Views + Extensions.swift in Sources */ = {isa = PBXBuildFile; fileRef = 23D7691D293539E4001EF90B /* Views + Extensions.swift */; };
		23E088332926CD880084F63A /* MarvelSwiftUICombineWatchApp.swift in Sources */ = {isa = PBXBuildFile; fileRef = 23E088322926CD880084F63A /* MarvelSwiftUICombineWatchApp.swift */; };
		23E088372926CD890084F63A /* Assets.xcassets in Resources */ = {isa = PBXBuildFile; fileRef = 23E088362926CD890084F63A /* Assets.xcassets */; };
		23E0883A2926CD890084F63A /* Preview Assets.xcassets in Resources */ = {isa = PBXBuildFile; fileRef = 23E088392926CD890084F63A /* Preview Assets.xcassets */; };
		23E0883E2926CDAD0084F63A /* HeroesMainView.swift in Sources */ = {isa = PBXBuildFile; fileRef = 23F0B301292166920061B933 /* HeroesMainView.swift */; };
		23E0883F2926CDAE0084F63A /* HeroesMainView.swift in Sources */ = {isa = PBXBuildFile; fileRef = 23F0B301292166920061B933 /* HeroesMainView.swift */; };
		23E088402926CDAE0084F63A /* HeroesMainView.swift in Sources */ = {isa = PBXBuildFile; fileRef = 23F0B301292166920061B933 /* HeroesMainView.swift */; };
		23E088422926CDB70084F63A /* HeroModel.swift in Sources */ = {isa = PBXBuildFile; fileRef = 23F0B335292174100061B933 /* HeroModel.swift */; };
		23E088432926CDB90084F63A /* StatusModel.swift in Sources */ = {isa = PBXBuildFile; fileRef = 23F0B3432921A7DD0061B933 /* StatusModel.swift */; };
		23E088442926CDBC0084F63A /* Thumbnail.swift in Sources */ = {isa = PBXBuildFile; fileRef = 2334033429233A54007B9570 /* Thumbnail.swift */; };
		23E088452926CDBE0084F63A /* ComicModel.swift in Sources */ = {isa = PBXBuildFile; fileRef = 23340330292339EB007B9570 /* ComicModel.swift */; };
		23E088462926CDC00084F63A /* NetworkManager.swift in Sources */ = {isa = PBXBuildFile; fileRef = 23F0B339292184B60061B933 /* NetworkManager.swift */; };
		23E088472926CDC30084F63A /* LoadingView.swift in Sources */ = {isa = PBXBuildFile; fileRef = 235DA0552921CD7900748122 /* LoadingView.swift */; };
		23E088482926CDC60084F63A /* ErrorViewHeroes.swift in Sources */ = {isa = PBXBuildFile; fileRef = 235DA0592921CD8100748122 /* ErrorViewHeroes.swift */; };
		23E0884A2926CDCD0084F63A /* HeroesRowView.swift in Sources */ = {isa = PBXBuildFile; fileRef = 235DA04F2921C5AC00748122 /* HeroesRowView.swift */; };
		23F0B300292166920061B933 /* MarvelSwiftUICombineApp.swift in Sources */ = {isa = PBXBuildFile; fileRef = 23F0B2FF292166920061B933 /* MarvelSwiftUICombineApp.swift */; };
		23F0B302292166920061B933 /* HeroesMainView.swift in Sources */ = {isa = PBXBuildFile; fileRef = 23F0B301292166920061B933 /* HeroesMainView.swift */; };
		23F0B304292166930061B933 /* Assets.xcassets in Resources */ = {isa = PBXBuildFile; fileRef = 23F0B303292166930061B933 /* Assets.xcassets */; };
		23F0B308292166930061B933 /* Preview Assets.xcassets in Resources */ = {isa = PBXBuildFile; fileRef = 23F0B307292166930061B933 /* Preview Assets.xcassets */; };
		23F0B31C292166940061B933 /* MarvelSwiftUICombineUITests.swift in Sources */ = {isa = PBXBuildFile; fileRef = 23F0B31B292166940061B933 /* MarvelSwiftUICombineUITests.swift */; };
		23F0B31E292166940061B933 /* MarvelSwiftUICombineUITestsLaunchTests.swift in Sources */ = {isa = PBXBuildFile; fileRef = 23F0B31D292166940061B933 /* MarvelSwiftUICombineUITestsLaunchTests.swift */; };
		23F0B336292174100061B933 /* HeroModel.swift in Sources */ = {isa = PBXBuildFile; fileRef = 23F0B335292174100061B933 /* HeroModel.swift */; };
		23F0B337292174100061B933 /* HeroModel.swift in Sources */ = {isa = PBXBuildFile; fileRef = 23F0B335292174100061B933 /* HeroModel.swift */; };
		23F0B338292174100061B933 /* HeroModel.swift in Sources */ = {isa = PBXBuildFile; fileRef = 23F0B335292174100061B933 /* HeroModel.swift */; };
		23F0B33A292184B60061B933 /* NetworkManager.swift in Sources */ = {isa = PBXBuildFile; fileRef = 23F0B339292184B60061B933 /* NetworkManager.swift */; };
		23F0B33B292184B60061B933 /* NetworkManager.swift in Sources */ = {isa = PBXBuildFile; fileRef = 23F0B339292184B60061B933 /* NetworkManager.swift */; };
		23F0B33C292184B60061B933 /* NetworkManager.swift in Sources */ = {isa = PBXBuildFile; fileRef = 23F0B339292184B60061B933 /* NetworkManager.swift */; };
		23F0B3442921A7DD0061B933 /* StatusModel.swift in Sources */ = {isa = PBXBuildFile; fileRef = 23F0B3432921A7DD0061B933 /* StatusModel.swift */; };
		23F0B3452921A7DD0061B933 /* StatusModel.swift in Sources */ = {isa = PBXBuildFile; fileRef = 23F0B3432921A7DD0061B933 /* StatusModel.swift */; };
		23F0B3462921A7DD0061B933 /* StatusModel.swift in Sources */ = {isa = PBXBuildFile; fileRef = 23F0B3432921A7DD0061B933 /* StatusModel.swift */; };
		23FDF7E42935E3B100442A5B /* SeriesRowView.swift in Sources */ = {isa = PBXBuildFile; fileRef = 23FDF7E32935E3B100442A5B /* SeriesRowView.swift */; };
		23FDF7E52935E3B100442A5B /* SeriesRowView.swift in Sources */ = {isa = PBXBuildFile; fileRef = 23FDF7E32935E3B100442A5B /* SeriesRowView.swift */; };
		23FDF7E62935E3B100442A5B /* SeriesRowView.swift in Sources */ = {isa = PBXBuildFile; fileRef = 23FDF7E32935E3B100442A5B /* SeriesRowView.swift */; };
		23FDF7E72935E3B100442A5B /* SeriesRowView.swift in Sources */ = {isa = PBXBuildFile; fileRef = 23FDF7E32935E3B100442A5B /* SeriesRowView.swift */; };
/* End PBXBuildFile section */

/* Begin PBXContainerItemProxy section */
		23F0B30E292166940061B933 /* PBXContainerItemProxy */ = {
			isa = PBXContainerItemProxy;
			containerPortal = 23F0B2F4292166920061B933 /* Project object */;
			proxyType = 1;
			remoteGlobalIDString = 23F0B2FB292166920061B933;
			remoteInfo = MarvelSwiftUICombine;
		};
		23F0B318292166940061B933 /* PBXContainerItemProxy */ = {
			isa = PBXContainerItemProxy;
			containerPortal = 23F0B2F4292166920061B933 /* Project object */;
			proxyType = 1;
			remoteGlobalIDString = 23F0B2FB292166920061B933;
			remoteInfo = MarvelSwiftUICombine;
		};
/* End PBXContainerItemProxy section */

/* Begin PBXFileReference section */
		23340330292339EB007B9570 /* ComicModel.swift */ = {isa = PBXFileReference; lastKnownFileType = sourcecode.swift; path = ComicModel.swift; sourceTree = "<group>"; };
		2334033429233A54007B9570 /* Thumbnail.swift */ = {isa = PBXFileReference; lastKnownFileType = sourcecode.swift; path = Thumbnail.swift; sourceTree = "<group>"; };
		234D39742985ACA300E46897 /* XCTest.framework */ = {isa = PBXFileReference; lastKnownFileType = wrapper.framework; name = XCTest.framework; path = Platforms/iPhoneOS.platform/Developer/Library/Frameworks/XCTest.framework; sourceTree = DEVELOPER_DIR; };
		234D39762985ACD400E46897 /* LoadingView_Tests.swift */ = {isa = PBXFileReference; fileEncoding = 4; lastKnownFileType = sourcecode.swift; path = LoadingView_Tests.swift; sourceTree = "<group>"; };
		235DA04F2921C5AC00748122 /* HeroesRowView.swift */ = {isa = PBXFileReference; lastKnownFileType = sourcecode.swift; path = HeroesRowView.swift; sourceTree = "<group>"; };
		235DA0552921CD7900748122 /* LoadingView.swift */ = {isa = PBXFileReference; lastKnownFileType = sourcecode.swift; path = LoadingView.swift; sourceTree = "<group>"; };
		235DA0592921CD8100748122 /* ErrorViewHeroes.swift */ = {isa = PBXFileReference; lastKnownFileType = sourcecode.swift; path = ErrorViewHeroes.swift; sourceTree = "<group>"; };
		235DA05D2922578600748122 /* Info.plist */ = {isa = PBXFileReference; lastKnownFileType = text.plist.xml; path = Info.plist; sourceTree = "<group>"; };
		23885B7C298449CD000D0346 /* HeroesViewModel_Tests.swift */ = {isa = PBXFileReference; lastKnownFileType = sourcecode.swift; path = HeroesViewModel_Tests.swift; sourceTree = "<group>"; };
		23885B7F29844EC2000D0346 /* NetworkManager_Tests.swift */ = {isa = PBXFileReference; lastKnownFileType = sourcecode.swift; path = NetworkManager_Tests.swift; sourceTree = "<group>"; };
		23885B8629845145000D0346 /* MediaViewModel_Tests.swift */ = {isa = PBXFileReference; lastKnownFileType = sourcecode.swift; path = MediaViewModel_Tests.swift; sourceTree = "<group>"; };
		238BAE6D292AA45B007D5627 /* MediaViewModel.swift */ = {isa = PBXFileReference; lastKnownFileType = sourcecode.swift; path = MediaViewModel.swift; sourceTree = "<group>"; };
		238BAE75292AA523007D5627 /* HeroesViewModel.swift */ = {isa = PBXFileReference; lastKnownFileType = sourcecode.swift; path = HeroesViewModel.swift; sourceTree = "<group>"; };
		238BAE7A292AA52C007D5627 /* HeroesView.swift */ = {isa = PBXFileReference; lastKnownFileType = sourcecode.swift; path = HeroesView.swift; sourceTree = "<group>"; };
		238BAE7F292AA6DF007D5627 /* MediaMainView.swift */ = {isa = PBXFileReference; lastKnownFileType = sourcecode.swift; path = MediaMainView.swift; sourceTree = "<group>"; };
		23D7690829351612001EF90B /* MediaView.swift */ = {isa = PBXFileReference; lastKnownFileType = sourcecode.swift; path = MediaView.swift; sourceTree = "<group>"; };
		23D7690D29351E9B001EF90B /* ErrorMediaView.swift */ = {isa = PBXFileReference; lastKnownFileType = sourcecode.swift; path = ErrorMediaView.swift; sourceTree = "<group>"; };
		23D7691229353181001EF90B /* SerieModel.swift */ = {isa = PBXFileReference; lastKnownFileType = sourcecode.swift; path = SerieModel.swift; sourceTree = "<group>"; };
		23D76917293531E6001EF90B /* ComicsRowView.swift */ = {isa = PBXFileReference; lastKnownFileType = sourcecode.swift; path = ComicsRowView.swift; sourceTree = "<group>"; };
		23D7691D293539E4001EF90B /* Views + Extensions.swift */ = {isa = PBXFileReference; lastKnownFileType = sourcecode.swift; path = "Views + Extensions.swift"; sourceTree = "<group>"; };
		23E088302926CD880084F63A /* MarvelSwiftUICombineWatch.app */ = {isa = PBXFileReference; explicitFileType = wrapper.application; includeInIndex = 0; path = MarvelSwiftUICombineWatch.app; sourceTree = BUILT_PRODUCTS_DIR; };
		23E088322926CD880084F63A /* MarvelSwiftUICombineWatchApp.swift */ = {isa = PBXFileReference; lastKnownFileType = sourcecode.swift; path = MarvelSwiftUICombineWatchApp.swift; sourceTree = "<group>"; };
		23E088362926CD890084F63A /* Assets.xcassets */ = {isa = PBXFileReference; lastKnownFileType = folder.assetcatalog; path = Assets.xcassets; sourceTree = "<group>"; };
		23E088392926CD890084F63A /* Preview Assets.xcassets */ = {isa = PBXFileReference; lastKnownFileType = folder.assetcatalog; path = "Preview Assets.xcassets"; sourceTree = "<group>"; };
		23F0B2FC292166920061B933 /* MarvelSwiftUICombine.app */ = {isa = PBXFileReference; explicitFileType = wrapper.application; includeInIndex = 0; path = MarvelSwiftUICombine.app; sourceTree = BUILT_PRODUCTS_DIR; };
		23F0B2FF292166920061B933 /* MarvelSwiftUICombineApp.swift */ = {isa = PBXFileReference; lastKnownFileType = sourcecode.swift; path = MarvelSwiftUICombineApp.swift; sourceTree = "<group>"; };
		23F0B301292166920061B933 /* HeroesMainView.swift */ = {isa = PBXFileReference; lastKnownFileType = sourcecode.swift; path = HeroesMainView.swift; sourceTree = "<group>"; };
		23F0B303292166930061B933 /* Assets.xcassets */ = {isa = PBXFileReference; lastKnownFileType = folder.assetcatalog; path = Assets.xcassets; sourceTree = "<group>"; };
		23F0B305292166930061B933 /* MarvelSwiftUICombine.entitlements */ = {isa = PBXFileReference; lastKnownFileType = text.plist.entitlements; path = MarvelSwiftUICombine.entitlements; sourceTree = "<group>"; };
		23F0B307292166930061B933 /* Preview Assets.xcassets */ = {isa = PBXFileReference; lastKnownFileType = folder.assetcatalog; path = "Preview Assets.xcassets"; sourceTree = "<group>"; };
		23F0B30D292166940061B933 /* MarvelSwiftUICombineTests.xctest */ = {isa = PBXFileReference; explicitFileType = wrapper.cfbundle; includeInIndex = 0; path = MarvelSwiftUICombineTests.xctest; sourceTree = BUILT_PRODUCTS_DIR; };
		23F0B317292166940061B933 /* MarvelSwiftUICombineUITests.xctest */ = {isa = PBXFileReference; explicitFileType = wrapper.cfbundle; includeInIndex = 0; path = MarvelSwiftUICombineUITests.xctest; sourceTree = BUILT_PRODUCTS_DIR; };
		23F0B31B292166940061B933 /* MarvelSwiftUICombineUITests.swift */ = {isa = PBXFileReference; lastKnownFileType = sourcecode.swift; path = MarvelSwiftUICombineUITests.swift; sourceTree = "<group>"; };
		23F0B31D292166940061B933 /* MarvelSwiftUICombineUITestsLaunchTests.swift */ = {isa = PBXFileReference; lastKnownFileType = sourcecode.swift; path = MarvelSwiftUICombineUITestsLaunchTests.swift; sourceTree = "<group>"; };
		23F0B32E292166D10061B933 /* README.md */ = {isa = PBXFileReference; lastKnownFileType = net.daringfireball.markdown; path = README.md; sourceTree = "<group>"; };
		23F0B335292174100061B933 /* HeroModel.swift */ = {isa = PBXFileReference; lastKnownFileType = sourcecode.swift; path = HeroModel.swift; sourceTree = "<group>"; };
		23F0B339292184B60061B933 /* NetworkManager.swift */ = {isa = PBXFileReference; lastKnownFileType = sourcecode.swift; path = NetworkManager.swift; sourceTree = "<group>"; };
		23F0B3432921A7DD0061B933 /* StatusModel.swift */ = {isa = PBXFileReference; lastKnownFileType = sourcecode.swift; path = StatusModel.swift; sourceTree = "<group>"; };
		23FDF7E32935E3B100442A5B /* SeriesRowView.swift */ = {isa = PBXFileReference; lastKnownFileType = sourcecode.swift; path = SeriesRowView.swift; sourceTree = "<group>"; };
		23FDF7E82935E7D200442A5B /* MarvelSwiftUICombineWatchApp-Info.plist */ = {isa = PBXFileReference; lastKnownFileType = text.plist.xml; path = "MarvelSwiftUICombineWatchApp-Info.plist"; sourceTree = "<group>"; };
/* End PBXFileReference section */

/* Begin PBXFrameworksBuildPhase section */
		23E0882D2926CD880084F63A /* Frameworks */ = {
			isa = PBXFrameworksBuildPhase;
			buildActionMask = 2147483647;
			files = (
			);
			runOnlyForDeploymentPostprocessing = 0;
		};
		23F0B2F9292166920061B933 /* Frameworks */ = {
			isa = PBXFrameworksBuildPhase;
			buildActionMask = 2147483647;
			files = (
				234D39752985ACA300E46897 /* XCTest.framework in Frameworks */,
				234D396F2985A75200E46897 /* ViewInspector in Frameworks */,
			);
			runOnlyForDeploymentPostprocessing = 0;
		};
		23F0B30A292166940061B933 /* Frameworks */ = {
			isa = PBXFrameworksBuildPhase;
			buildActionMask = 2147483647;
			files = (
			);
			runOnlyForDeploymentPostprocessing = 0;
		};
		23F0B314292166940061B933 /* Frameworks */ = {
			isa = PBXFrameworksBuildPhase;
			buildActionMask = 2147483647;
			files = (
			);
			runOnlyForDeploymentPostprocessing = 0;
		};
/* End PBXFrameworksBuildPhase section */

/* Begin PBXGroup section */
		234D39702985A8FF00E46897 /* Views */ = {
			isa = PBXGroup;
			children = (
				234D39762985ACD400E46897 /* LoadingView_Tests.swift */,
			);
			path = Views;
			sourceTree = "<group>";
		};
		234D39732985ACA300E46897 /* Frameworks */ = {
			isa = PBXGroup;
			children = (
				234D39742985ACA300E46897 /* XCTest.framework */,
			);
			name = Frameworks;
			sourceTree = "<group>";
		};
		235DA0492921B23500748122 /* Views */ = {
			isa = PBXGroup;
			children = (
				238BAE7F292AA6DF007D5627 /* MediaMainView.swift */,
				23D7690829351612001EF90B /* MediaView.swift */,
				23D76917293531E6001EF90B /* ComicsRowView.swift */,
				23FDF7E32935E3B100442A5B /* SeriesRowView.swift */,
			);
			path = Views;
			sourceTree = "<group>";
		};
		235DA04A2921B23B00748122 /* ViewModels */ = {
			isa = PBXGroup;
			children = (
				238BAE6D292AA45B007D5627 /* MediaViewModel.swift */,
			);
			path = ViewModels;
			sourceTree = "<group>";
		};
		235DA0532921CD5000748122 /* Common */ = {
			isa = PBXGroup;
			children = (
				235DA0542921CD6900748122 /* Views */,
			);
			path = Common;
			sourceTree = "<group>";
		};
		235DA0542921CD6900748122 /* Views */ = {
			isa = PBXGroup;
			children = (
				235DA0552921CD7900748122 /* LoadingView.swift */,
				235DA0592921CD8100748122 /* ErrorViewHeroes.swift */,
				23D7690D29351E9B001EF90B /* ErrorMediaView.swift */,
			);
			path = Views;
			sourceTree = "<group>";
		};
		23885B7E298449E0000D0346 /* ViewModels */ = {
			isa = PBXGroup;
			children = (
				23885B7C298449CD000D0346 /* HeroesViewModel_Tests.swift */,
				23885B8629845145000D0346 /* MediaViewModel_Tests.swift */,
			);
			path = ViewModels;
			sourceTree = "<group>";
		};
		238BAE72292AA4B5007D5627 /* Heroes */ = {
			isa = PBXGroup;
			children = (
				238BAE73292AA4FC007D5627 /* Views */,
				238BAE74292AA503007D5627 /* ViewModels */,
			);
			path = Heroes;
			sourceTree = "<group>";
		};
		238BAE73292AA4FC007D5627 /* Views */ = {
			isa = PBXGroup;
			children = (
				23F0B301292166920061B933 /* HeroesMainView.swift */,
				238BAE7A292AA52C007D5627 /* HeroesView.swift */,
				235DA04F2921C5AC00748122 /* HeroesRowView.swift */,
			);
			path = Views;
			sourceTree = "<group>";
		};
		238BAE74292AA503007D5627 /* ViewModels */ = {
			isa = PBXGroup;
			children = (
				238BAE75292AA523007D5627 /* HeroesViewModel.swift */,
			);
			path = ViewModels;
			sourceTree = "<group>";
		};
		23D7691C293539CB001EF90B /* Extensions */ = {
			isa = PBXGroup;
			children = (
				23D7691D293539E4001EF90B /* Views + Extensions.swift */,
			);
			path = Extensions;
			sourceTree = "<group>";
		};
		23E088312926CD880084F63A /* MarvelSwiftUICombineWatch */ = {
			isa = PBXGroup;
			children = (
				23E088322926CD880084F63A /* MarvelSwiftUICombineWatchApp.swift */,
				23E088362926CD890084F63A /* Assets.xcassets */,
				23E088382926CD890084F63A /* Preview Content */,
			);
			path = MarvelSwiftUICombineWatch;
			sourceTree = "<group>";
		};
		23E088382926CD890084F63A /* Preview Content */ = {
			isa = PBXGroup;
			children = (
				23E088392926CD890084F63A /* Preview Assets.xcassets */,
			);
			path = "Preview Content";
			sourceTree = "<group>";
		};
		23F0B2F3292166920061B933 = {
			isa = PBXGroup;
			children = (
				23F0B32E292166D10061B933 /* README.md */,
				23FDF7E82935E7D200442A5B /* MarvelSwiftUICombineWatchApp-Info.plist */,
				23F0B2FE292166920061B933 /* MarvelSwiftUICombine */,
				23F0B310292166940061B933 /* MarvelSwiftUICombineTests */,
				23F0B31A292166940061B933 /* MarvelSwiftUICombineUITests */,
				23E088312926CD880084F63A /* MarvelSwiftUICombineWatch */,
				23F0B2FD292166920061B933 /* Products */,
				234D39732985ACA300E46897 /* Frameworks */,
			);
			sourceTree = "<group>";
		};
		23F0B2FD292166920061B933 /* Products */ = {
			isa = PBXGroup;
			children = (
				23F0B2FC292166920061B933 /* MarvelSwiftUICombine.app */,
				23F0B30D292166940061B933 /* MarvelSwiftUICombineTests.xctest */,
				23F0B317292166940061B933 /* MarvelSwiftUICombineUITests.xctest */,
				23E088302926CD880084F63A /* MarvelSwiftUICombineWatch.app */,
			);
			name = Products;
			sourceTree = "<group>";
		};
		23F0B2FE292166920061B933 /* MarvelSwiftUICombine */ = {
			isa = PBXGroup;
			children = (
				235DA05D2922578600748122 /* Info.plist */,
				23F0B32A292166AE0061B933 /* App */,
				23F0B32B292166B40061B933 /* Domain */,
				23F0B32F2921672E0061B933 /* UI */,
				23F0B333292167D30061B933 /* Resources */,
				23F0B305292166930061B933 /* MarvelSwiftUICombine.entitlements */,
				23F0B306292166930061B933 /* Preview Content */,
			);
			path = MarvelSwiftUICombine;
			sourceTree = "<group>";
		};
		23F0B306292166930061B933 /* Preview Content */ = {
			isa = PBXGroup;
			children = (
				23F0B307292166930061B933 /* Preview Assets.xcassets */,
			);
			path = "Preview Content";
			sourceTree = "<group>";
		};
		23F0B310292166940061B933 /* MarvelSwiftUICombineTests */ = {
			isa = PBXGroup;
			children = (
				23885B7F29844EC2000D0346 /* NetworkManager_Tests.swift */,
				234D39702985A8FF00E46897 /* Views */,
				23885B7E298449E0000D0346 /* ViewModels */,
			);
			path = MarvelSwiftUICombineTests;
			sourceTree = "<group>";
		};
		23F0B31A292166940061B933 /* MarvelSwiftUICombineUITests */ = {
			isa = PBXGroup;
			children = (
				23F0B31B292166940061B933 /* MarvelSwiftUICombineUITests.swift */,
				23F0B31D292166940061B933 /* MarvelSwiftUICombineUITestsLaunchTests.swift */,
			);
			path = MarvelSwiftUICombineUITests;
			sourceTree = "<group>";
		};
		23F0B32A292166AE0061B933 /* App */ = {
			isa = PBXGroup;
			children = (
				23F0B2FF292166920061B933 /* MarvelSwiftUICombineApp.swift */,
			);
			path = App;
			sourceTree = "<group>";
		};
		23F0B32B292166B40061B933 /* Domain */ = {
			isa = PBXGroup;
			children = (
				23F0B334292173FF0061B933 /* Models */,
				23F0B32D292166C00061B933 /* Tools */,
				23F0B32C292166BA0061B933 /* Services */,
			);
			path = Domain;
			sourceTree = "<group>";
		};
		23F0B32C292166BA0061B933 /* Services */ = {
			isa = PBXGroup;
			children = (
				23F0B339292184B60061B933 /* NetworkManager.swift */,
			);
			path = Services;
			sourceTree = "<group>";
		};
		23F0B32D292166C00061B933 /* Tools */ = {
			isa = PBXGroup;
			children = (
				23D7691C293539CB001EF90B /* Extensions */,
			);
			path = Tools;
			sourceTree = "<group>";
		};
		23F0B32F2921672E0061B933 /* UI */ = {
			isa = PBXGroup;
			children = (
				235DA0532921CD5000748122 /* Common */,
				238BAE72292AA4B5007D5627 /* Heroes */,
				23F0B331292167550061B933 /* Media */,
			);
			path = UI;
			sourceTree = "<group>";
		};
		23F0B331292167550061B933 /* Media */ = {
			isa = PBXGroup;
			children = (
				235DA0492921B23500748122 /* Views */,
				235DA04A2921B23B00748122 /* ViewModels */,
			);
			path = Media;
			sourceTree = "<group>";
		};
		23F0B333292167D30061B933 /* Resources */ = {
			isa = PBXGroup;
			children = (
				23F0B303292166930061B933 /* Assets.xcassets */,
			);
			path = Resources;
			sourceTree = "<group>";
		};
		23F0B334292173FF0061B933 /* Models */ = {
			isa = PBXGroup;
			children = (
				23F0B335292174100061B933 /* HeroModel.swift */,
				23F0B3432921A7DD0061B933 /* StatusModel.swift */,
				23340330292339EB007B9570 /* ComicModel.swift */,
				23D7691229353181001EF90B /* SerieModel.swift */,
				2334033429233A54007B9570 /* Thumbnail.swift */,
			);
			path = Models;
			sourceTree = "<group>";
		};
/* End PBXGroup section */

/* Begin PBXNativeTarget section */
		23E0882F2926CD880084F63A /* MarvelSwiftUICombineWatchApp */ = {
			isa = PBXNativeTarget;
			buildConfigurationList = 23E0883D2926CD890084F63A /* Build configuration list for PBXNativeTarget "MarvelSwiftUICombineWatchApp" */;
			buildPhases = (
				23E0882C2926CD880084F63A /* Sources */,
				23E0882D2926CD880084F63A /* Frameworks */,
				23E0882E2926CD880084F63A /* Resources */,
			);
			buildRules = (
			);
			dependencies = (
			);
			name = MarvelSwiftUICombineWatchApp;
			productName = "DragonBallSwiftUICombineWatch Watch App";
			productReference = 23E088302926CD880084F63A /* MarvelSwiftUICombineWatch.app */;
			productType = "com.apple.product-type.application";
		};
		23F0B2FB292166920061B933 /* MarvelSwiftUICombine */ = {
			isa = PBXNativeTarget;
			buildConfigurationList = 23F0B321292166940061B933 /* Build configuration list for PBXNativeTarget "MarvelSwiftUICombine" */;
			buildPhases = (
				23F0B2F8292166920061B933 /* Sources */,
				23F0B2F9292166920061B933 /* Frameworks */,
				23F0B2FA292166920061B933 /* Resources */,
			);
			buildRules = (
			);
			dependencies = (
			);
			name = MarvelSwiftUICombine;
			packageProductDependencies = (
				234D396E2985A75200E46897 /* ViewInspector */,
			);
			productName = MarvelSwiftUICombine;
			productReference = 23F0B2FC292166920061B933 /* MarvelSwiftUICombine.app */;
			productType = "com.apple.product-type.application";
		};
		23F0B30C292166940061B933 /* MarvelSwiftUICombineTests */ = {
			isa = PBXNativeTarget;
			buildConfigurationList = 23F0B324292166940061B933 /* Build configuration list for PBXNativeTarget "MarvelSwiftUICombineTests" */;
			buildPhases = (
				23F0B309292166940061B933 /* Sources */,
				23F0B30A292166940061B933 /* Frameworks */,
				23F0B30B292166940061B933 /* Resources */,
			);
			buildRules = (
			);
			dependencies = (
				23F0B30F292166940061B933 /* PBXTargetDependency */,
			);
			name = MarvelSwiftUICombineTests;
			productName = MarvelSwiftUICombineTests;
			productReference = 23F0B30D292166940061B933 /* MarvelSwiftUICombineTests.xctest */;
			productType = "com.apple.product-type.bundle.unit-test";
		};
		23F0B316292166940061B933 /* MarvelSwiftUICombineUITests */ = {
			isa = PBXNativeTarget;
			buildConfigurationList = 23F0B327292166940061B933 /* Build configuration list for PBXNativeTarget "MarvelSwiftUICombineUITests" */;
			buildPhases = (
				23F0B313292166940061B933 /* Sources */,
				23F0B314292166940061B933 /* Frameworks */,
				23F0B315292166940061B933 /* Resources */,
			);
			buildRules = (
			);
			dependencies = (
				23F0B319292166940061B933 /* PBXTargetDependency */,
			);
			name = MarvelSwiftUICombineUITests;
			productName = MarvelSwiftUICombineUITests;
			productReference = 23F0B317292166940061B933 /* MarvelSwiftUICombineUITests.xctest */;
			productType = "com.apple.product-type.bundle.ui-testing";
		};
/* End PBXNativeTarget section */

/* Begin PBXProject section */
		23F0B2F4292166920061B933 /* Project object */ = {
			isa = PBXProject;
			attributes = {
				BuildIndependentTargetsInParallel = 1;
				LastSwiftUpdateCheck = 1410;
				LastUpgradeCheck = 1420;
				TargetAttributes = {
					23E0882F2926CD880084F63A = {
						CreatedOnToolsVersion = 14.1;
					};
					23F0B2FB292166920061B933 = {
						CreatedOnToolsVersion = 14.1;
					};
					23F0B30C292166940061B933 = {
						CreatedOnToolsVersion = 14.1;
						TestTargetID = 23F0B2FB292166920061B933;
					};
					23F0B316292166940061B933 = {
						CreatedOnToolsVersion = 14.1;
						TestTargetID = 23F0B2FB292166920061B933;
					};
				};
			};
			buildConfigurationList = 23F0B2F7292166920061B933 /* Build configuration list for PBXProject "MarvelSwiftUICombine" */;
			compatibilityVersion = "Xcode 14.0";
			developmentRegion = en;
			hasScannedForEncodings = 0;
			knownRegions = (
				en,
				Base,
			);
			mainGroup = 23F0B2F3292166920061B933;
			packageReferences = (
				234D396D2985A75200E46897 /* XCRemoteSwiftPackageReference "ViewInspector" */,
			);
			productRefGroup = 23F0B2FD292166920061B933 /* Products */;
			projectDirPath = "";
			projectRoot = "";
			targets = (
				23F0B2FB292166920061B933 /* MarvelSwiftUICombine */,
				23F0B30C292166940061B933 /* MarvelSwiftUICombineTests */,
				23F0B316292166940061B933 /* MarvelSwiftUICombineUITests */,
				23E0882F2926CD880084F63A /* MarvelSwiftUICombineWatchApp */,
			);
		};
/* End PBXProject section */

/* Begin PBXResourcesBuildPhase section */
		23E0882E2926CD880084F63A /* Resources */ = {
			isa = PBXResourcesBuildPhase;
			buildActionMask = 2147483647;
			files = (
				23E0883A2926CD890084F63A /* Preview Assets.xcassets in Resources */,
				23E088372926CD890084F63A /* Assets.xcassets in Resources */,
			);
			runOnlyForDeploymentPostprocessing = 0;
		};
		23F0B2FA292166920061B933 /* Resources */ = {
			isa = PBXResourcesBuildPhase;
			buildActionMask = 2147483647;
			files = (
				23F0B308292166930061B933 /* Preview Assets.xcassets in Resources */,
				23F0B304292166930061B933 /* Assets.xcassets in Resources */,
			);
			runOnlyForDeploymentPostprocessing = 0;
		};
		23F0B30B292166940061B933 /* Resources */ = {
			isa = PBXResourcesBuildPhase;
			buildActionMask = 2147483647;
			files = (
			);
			runOnlyForDeploymentPostprocessing = 0;
		};
		23F0B315292166940061B933 /* Resources */ = {
			isa = PBXResourcesBuildPhase;
			buildActionMask = 2147483647;
			files = (
			);
			runOnlyForDeploymentPostprocessing = 0;
		};
/* End PBXResourcesBuildPhase section */

/* Begin PBXSourcesBuildPhase section */
		23E0882C2926CD880084F63A /* Sources */ = {
			isa = PBXSourcesBuildPhase;
			buildActionMask = 2147483647;
			files = (
				23D7691629353181001EF90B /* SerieModel.swift in Sources */,
				238BAE71292AA45B007D5627 /* MediaViewModel.swift in Sources */,
				23D7690C29351612001EF90B /* MediaView.swift in Sources */,
				238BAE79292AA523007D5627 /* HeroesViewModel.swift in Sources */,
				23E088402926CDAE0084F63A /* HeroesMainView.swift in Sources */,
				23E088432926CDB90084F63A /* StatusModel.swift in Sources */,
				23E0884A2926CDCD0084F63A /* HeroesRowView.swift in Sources */,
				23E088332926CD880084F63A /* MarvelSwiftUICombineWatchApp.swift in Sources */,
				23E088442926CDBC0084F63A /* Thumbnail.swift in Sources */,
				23E088422926CDB70084F63A /* HeroModel.swift in Sources */,
				23D76921293539E4001EF90B /* Views + Extensions.swift in Sources */,
				23E088472926CDC30084F63A /* LoadingView.swift in Sources */,
				238BAE7E292AA52C007D5627 /* HeroesView.swift in Sources */,
				23E088452926CDBE0084F63A /* ComicModel.swift in Sources */,
				23E088482926CDC60084F63A /* ErrorViewHeroes.swift in Sources */,
				23D7691B293531E6001EF90B /* ComicsRowView.swift in Sources */,
				23FDF7E72935E3B100442A5B /* SeriesRowView.swift in Sources */,
				23E088462926CDC00084F63A /* NetworkManager.swift in Sources */,
				238BAE83292AA6DF007D5627 /* MediaMainView.swift in Sources */,
				23D7691129351E9B001EF90B /* ErrorMediaView.swift in Sources */,
			);
			runOnlyForDeploymentPostprocessing = 0;
		};
		23F0B2F8292166920061B933 /* Sources */ = {
			isa = PBXSourcesBuildPhase;
			buildActionMask = 2147483647;
			files = (
				23D7691329353181001EF90B /* SerieModel.swift in Sources */,
				238BAE6E292AA45B007D5627 /* MediaViewModel.swift in Sources */,
				23D7690929351612001EF90B /* MediaView.swift in Sources */,
				238BAE76292AA523007D5627 /* HeroesViewModel.swift in Sources */,
				23F0B336292174100061B933 /* HeroModel.swift in Sources */,
				23F0B33A292184B60061B933 /* NetworkManager.swift in Sources */,
				23F0B3442921A7DD0061B933 /* StatusModel.swift in Sources */,
				2334033529233A54007B9570 /* Thumbnail.swift in Sources */,
				235DA05A2921CD8100748122 /* ErrorViewHeroes.swift in Sources */,
				23F0B302292166920061B933 /* HeroesMainView.swift in Sources */,
				23D7691E293539E4001EF90B /* Views + Extensions.swift in Sources */,
				23F0B300292166920061B933 /* MarvelSwiftUICombineApp.swift in Sources */,
				235DA0502921C5AC00748122 /* HeroesRowView.swift in Sources */,
				238BAE7B292AA52C007D5627 /* HeroesView.swift in Sources */,
				235DA0562921CD7900748122 /* LoadingView.swift in Sources */,
				23340331292339EB007B9570 /* ComicModel.swift in Sources */,
				23FDF7E42935E3B100442A5B /* SeriesRowView.swift in Sources */,
				23D76918293531E6001EF90B /* ComicsRowView.swift in Sources */,
				238BAE80292AA6DF007D5627 /* MediaMainView.swift in Sources */,
				23D7690E29351E9B001EF90B /* ErrorMediaView.swift in Sources */,
			);
			runOnlyForDeploymentPostprocessing = 0;
		};
		23F0B309292166940061B933 /* Sources */ = {
			isa = PBXSourcesBuildPhase;
			buildActionMask = 2147483647;
			files = (
				234D39772985ACD400E46897 /* LoadingView_Tests.swift in Sources */,
				23D7691429353181001EF90B /* SerieModel.swift in Sources */,
				23885B8729845145000D0346 /* MediaViewModel_Tests.swift in Sources */,
				238BAE6F292AA45B007D5627 /* MediaViewModel.swift in Sources */,
				23D7690A29351612001EF90B /* MediaView.swift in Sources */,
				238BAE77292AA523007D5627 /* HeroesViewModel.swift in Sources */,
				23F0B3452921A7DD0061B933 /* StatusModel.swift in Sources */,
				2334033629233A54007B9570 /* Thumbnail.swift in Sources */,
				23F0B33B292184B60061B933 /* NetworkManager.swift in Sources */,
				235DA0512921C5AC00748122 /* HeroesRowView.swift in Sources */,
				23885B7D298449CD000D0346 /* HeroesViewModel_Tests.swift in Sources */,
				23340332292339EB007B9570 /* ComicModel.swift in Sources */,
				23F0B337292174100061B933 /* HeroModel.swift in Sources */,
				23D7691F293539E4001EF90B /* Views + Extensions.swift in Sources */,
				23E0883E2926CDAD0084F63A /* HeroesMainView.swift in Sources */,
				235DA0572921CD7900748122 /* LoadingView.swift in Sources */,
				238BAE7C292AA52C007D5627 /* HeroesView.swift in Sources */,
				235DA05B2921CD8100748122 /* ErrorViewHeroes.swift in Sources */,
				23D76919293531E6001EF90B /* ComicsRowView.swift in Sources */,
				23FDF7E52935E3B100442A5B /* SeriesRowView.swift in Sources */,
				23885B8029844EC2000D0346 /* NetworkManager_Tests.swift in Sources */,
				238BAE81292AA6DF007D5627 /* MediaMainView.swift in Sources */,
				23D7690F29351E9B001EF90B /* ErrorMediaView.swift in Sources */,
			);
			runOnlyForDeploymentPostprocessing = 0;
		};
		23F0B313292166940061B933 /* Sources */ = {
			isa = PBXSourcesBuildPhase;
			buildActionMask = 2147483647;
			files = (
				23F0B338292174100061B933 /* HeroModel.swift in Sources */,
				238BAE82292AA6DF007D5627 /* MediaMainView.swift in Sources */,
				23E0883F2926CDAE0084F63A /* HeroesMainView.swift in Sources */,
				23F0B33C292184B60061B933 /* NetworkManager.swift in Sources */,
				238BAE7D292AA52C007D5627 /* HeroesView.swift in Sources */,
				238BAE70292AA45B007D5627 /* MediaViewModel.swift in Sources */,
				23F0B3462921A7DD0061B933 /* StatusModel.swift in Sources */,
				2334033729233A54007B9570 /* Thumbnail.swift in Sources */,
				235DA05C2921CD8100748122 /* ErrorViewHeroes.swift in Sources */,
				23F0B31C292166940061B933 /* MarvelSwiftUICombineUITests.swift in Sources */,
				23F0B31E292166940061B933 /* MarvelSwiftUICombineUITestsLaunchTests.swift in Sources */,
				23D76920293539E4001EF90B /* Views + Extensions.swift in Sources */,
				235DA0522921C5AC00748122 /* HeroesRowView.swift in Sources */,
				235DA0582921CD7900748122 /* LoadingView.swift in Sources */,
				238BAE78292AA523007D5627 /* HeroesViewModel.swift in Sources */,
				23340333292339EB007B9570 /* ComicModel.swift in Sources */,
				23D7691529353181001EF90B /* SerieModel.swift in Sources */,
				23D7690B29351612001EF90B /* MediaView.swift in Sources */,
				23D7691029351E9B001EF90B /* ErrorMediaView.swift in Sources */,
				23D7691A293531E6001EF90B /* ComicsRowView.swift in Sources */,
				23FDF7E62935E3B100442A5B /* SeriesRowView.swift in Sources */,
			);
			runOnlyForDeploymentPostprocessing = 0;
		};
/* End PBXSourcesBuildPhase section */

/* Begin PBXTargetDependency section */
		23F0B30F292166940061B933 /* PBXTargetDependency */ = {
			isa = PBXTargetDependency;
			target = 23F0B2FB292166920061B933 /* MarvelSwiftUICombine */;
			targetProxy = 23F0B30E292166940061B933 /* PBXContainerItemProxy */;
		};
		23F0B319292166940061B933 /* PBXTargetDependency */ = {
			isa = PBXTargetDependency;
			target = 23F0B2FB292166920061B933 /* MarvelSwiftUICombine */;
			targetProxy = 23F0B318292166940061B933 /* PBXContainerItemProxy */;
		};
/* End PBXTargetDependency section */

/* Begin XCBuildConfiguration section */
		23E0883B2926CD890084F63A /* Debug */ = {
			isa = XCBuildConfiguration;
			buildSettings = {
				ASSETCATALOG_COMPILER_APPICON_NAME = AppIcon;
				ASSETCATALOG_COMPILER_GLOBAL_ACCENT_COLOR_NAME = AccentColor;
				CODE_SIGN_STYLE = Automatic;
				CURRENT_PROJECT_VERSION = 1;
				DEVELOPMENT_ASSET_PATHS = "\"MarvelSwiftUICombineWatch/Preview Content\"";
				DEVELOPMENT_TEAM = B8VLRHF5DU;
				ENABLE_PREVIEWS = YES;
				GENERATE_INFOPLIST_FILE = YES;
				INFOPLIST_FILE = "MarvelSwiftUICombineWatchApp-Info.plist";
				INFOPLIST_KEY_UISupportedInterfaceOrientations = "UIInterfaceOrientationPortrait UIInterfaceOrientationPortraitUpsideDown";
				INFOPLIST_KEY_WKCompanionAppBundleIdentifier = com.robert.rs.MarvelSwiftUICombine;
				INFOPLIST_KEY_WKRunsIndependentlyOfCompanionApp = YES;
				LD_RUNPATH_SEARCH_PATHS = (
					"$(inherited)",
					"@executable_path/Frameworks",
				);
				MARKETING_VERSION = 1.0;
				PRODUCT_BUNDLE_IDENTIFIER = com.robert.rs.MarvelSwiftUICombine.watchkitapp;
				PRODUCT_NAME = MarvelSwiftUICombineWatch;
				SDKROOT = watchos;
				SKIP_INSTALL = YES;
				SWIFT_EMIT_LOC_STRINGS = YES;
				SWIFT_VERSION = 5.0;
				TARGETED_DEVICE_FAMILY = 4;
				WATCHOS_DEPLOYMENT_TARGET = 9.1;
			};
			name = Debug;
		};
		23E0883C2926CD890084F63A /* Release */ = {
			isa = XCBuildConfiguration;
			buildSettings = {
				ASSETCATALOG_COMPILER_APPICON_NAME = AppIcon;
				ASSETCATALOG_COMPILER_GLOBAL_ACCENT_COLOR_NAME = AccentColor;
				CODE_SIGN_STYLE = Automatic;
				CURRENT_PROJECT_VERSION = 1;
				DEVELOPMENT_ASSET_PATHS = "\"MarvelSwiftUICombineWatch/Preview Content\"";
				DEVELOPMENT_TEAM = B8VLRHF5DU;
				ENABLE_PREVIEWS = YES;
				GENERATE_INFOPLIST_FILE = YES;
				INFOPLIST_FILE = "MarvelSwiftUICombineWatchApp-Info.plist";
				INFOPLIST_KEY_UISupportedInterfaceOrientations = "UIInterfaceOrientationPortrait UIInterfaceOrientationPortraitUpsideDown";
				INFOPLIST_KEY_WKCompanionAppBundleIdentifier = com.robert.rs.MarvelSwiftUICombine;
				INFOPLIST_KEY_WKRunsIndependentlyOfCompanionApp = YES;
				LD_RUNPATH_SEARCH_PATHS = (
					"$(inherited)",
					"@executable_path/Frameworks",
				);
				MARKETING_VERSION = 1.0;
				PRODUCT_BUNDLE_IDENTIFIER = com.robert.rs.MarvelSwiftUICombine.watchkitapp;
				PRODUCT_NAME = MarvelSwiftUICombineWatch;
				SDKROOT = watchos;
				SKIP_INSTALL = YES;
				SWIFT_EMIT_LOC_STRINGS = YES;
				SWIFT_VERSION = 5.0;
				TARGETED_DEVICE_FAMILY = 4;
				VALIDATE_PRODUCT = YES;
				WATCHOS_DEPLOYMENT_TARGET = 9.1;
			};
			name = Release;
		};
		23F0B31F292166940061B933 /* Debug */ = {
			isa = XCBuildConfiguration;
			buildSettings = {
				ALWAYS_SEARCH_USER_PATHS = NO;
				CLANG_ANALYZER_NONNULL = YES;
				CLANG_ANALYZER_NUMBER_OBJECT_CONVERSION = YES_AGGRESSIVE;
				CLANG_CXX_LANGUAGE_STANDARD = "gnu++20";
				CLANG_ENABLE_MODULES = YES;
				CLANG_ENABLE_OBJC_ARC = YES;
				CLANG_ENABLE_OBJC_WEAK = YES;
				CLANG_WARN_BLOCK_CAPTURE_AUTORELEASING = YES;
				CLANG_WARN_BOOL_CONVERSION = YES;
				CLANG_WARN_COMMA = YES;
				CLANG_WARN_CONSTANT_CONVERSION = YES;
				CLANG_WARN_DEPRECATED_OBJC_IMPLEMENTATIONS = YES;
				CLANG_WARN_DIRECT_OBJC_ISA_USAGE = YES_ERROR;
				CLANG_WARN_DOCUMENTATION_COMMENTS = YES;
				CLANG_WARN_EMPTY_BODY = YES;
				CLANG_WARN_ENUM_CONVERSION = YES;
				CLANG_WARN_INFINITE_RECURSION = YES;
				CLANG_WARN_INT_CONVERSION = YES;
				CLANG_WARN_NON_LITERAL_NULL_CONVERSION = YES;
				CLANG_WARN_OBJC_IMPLICIT_RETAIN_SELF = YES;
				CLANG_WARN_OBJC_LITERAL_CONVERSION = YES;
				CLANG_WARN_OBJC_ROOT_CLASS = YES_ERROR;
				CLANG_WARN_QUOTED_INCLUDE_IN_FRAMEWORK_HEADER = YES;
				CLANG_WARN_RANGE_LOOP_ANALYSIS = YES;
				CLANG_WARN_STRICT_PROTOTYPES = YES;
				CLANG_WARN_SUSPICIOUS_MOVE = YES;
				CLANG_WARN_UNGUARDED_AVAILABILITY = YES_AGGRESSIVE;
				CLANG_WARN_UNREACHABLE_CODE = YES;
				CLANG_WARN__DUPLICATE_METHOD_MATCH = YES;
				COPY_PHASE_STRIP = NO;
				DEAD_CODE_STRIPPING = YES;
				DEBUG_INFORMATION_FORMAT = dwarf;
				ENABLE_STRICT_OBJC_MSGSEND = YES;
				ENABLE_TESTABILITY = YES;
				GCC_C_LANGUAGE_STANDARD = gnu11;
				GCC_DYNAMIC_NO_PIC = NO;
				GCC_NO_COMMON_BLOCKS = YES;
				GCC_OPTIMIZATION_LEVEL = 0;
				GCC_PREPROCESSOR_DEFINITIONS = (
					"DEBUG=1",
					"$(inherited)",
				);
				GCC_WARN_64_TO_32_BIT_CONVERSION = YES;
				GCC_WARN_ABOUT_RETURN_TYPE = YES_ERROR;
				GCC_WARN_UNDECLARED_SELECTOR = YES;
				GCC_WARN_UNINITIALIZED_AUTOS = YES_AGGRESSIVE;
				GCC_WARN_UNUSED_FUNCTION = YES;
				GCC_WARN_UNUSED_VARIABLE = YES;
				MTL_ENABLE_DEBUG_INFO = INCLUDE_SOURCE;
				MTL_FAST_MATH = YES;
				ONLY_ACTIVE_ARCH = YES;
				SWIFT_ACTIVE_COMPILATION_CONDITIONS = DEBUG;
				SWIFT_OPTIMIZATION_LEVEL = "-Onone";
			};
			name = Debug;
		};
		23F0B320292166940061B933 /* Release */ = {
			isa = XCBuildConfiguration;
			buildSettings = {
				ALWAYS_SEARCH_USER_PATHS = NO;
				CLANG_ANALYZER_NONNULL = YES;
				CLANG_ANALYZER_NUMBER_OBJECT_CONVERSION = YES_AGGRESSIVE;
				CLANG_CXX_LANGUAGE_STANDARD = "gnu++20";
				CLANG_ENABLE_MODULES = YES;
				CLANG_ENABLE_OBJC_ARC = YES;
				CLANG_ENABLE_OBJC_WEAK = YES;
				CLANG_WARN_BLOCK_CAPTURE_AUTORELEASING = YES;
				CLANG_WARN_BOOL_CONVERSION = YES;
				CLANG_WARN_COMMA = YES;
				CLANG_WARN_CONSTANT_CONVERSION = YES;
				CLANG_WARN_DEPRECATED_OBJC_IMPLEMENTATIONS = YES;
				CLANG_WARN_DIRECT_OBJC_ISA_USAGE = YES_ERROR;
				CLANG_WARN_DOCUMENTATION_COMMENTS = YES;
				CLANG_WARN_EMPTY_BODY = YES;
				CLANG_WARN_ENUM_CONVERSION = YES;
				CLANG_WARN_INFINITE_RECURSION = YES;
				CLANG_WARN_INT_CONVERSION = YES;
				CLANG_WARN_NON_LITERAL_NULL_CONVERSION = YES;
				CLANG_WARN_OBJC_IMPLICIT_RETAIN_SELF = YES;
				CLANG_WARN_OBJC_LITERAL_CONVERSION = YES;
				CLANG_WARN_OBJC_ROOT_CLASS = YES_ERROR;
				CLANG_WARN_QUOTED_INCLUDE_IN_FRAMEWORK_HEADER = YES;
				CLANG_WARN_RANGE_LOOP_ANALYSIS = YES;
				CLANG_WARN_STRICT_PROTOTYPES = YES;
				CLANG_WARN_SUSPICIOUS_MOVE = YES;
				CLANG_WARN_UNGUARDED_AVAILABILITY = YES_AGGRESSIVE;
				CLANG_WARN_UNREACHABLE_CODE = YES;
				CLANG_WARN__DUPLICATE_METHOD_MATCH = YES;
				COPY_PHASE_STRIP = NO;
				DEAD_CODE_STRIPPING = YES;
				DEBUG_INFORMATION_FORMAT = "dwarf-with-dsym";
				ENABLE_NS_ASSERTIONS = NO;
				ENABLE_STRICT_OBJC_MSGSEND = YES;
				GCC_C_LANGUAGE_STANDARD = gnu11;
				GCC_NO_COMMON_BLOCKS = YES;
				GCC_WARN_64_TO_32_BIT_CONVERSION = YES;
				GCC_WARN_ABOUT_RETURN_TYPE = YES_ERROR;
				GCC_WARN_UNDECLARED_SELECTOR = YES;
				GCC_WARN_UNINITIALIZED_AUTOS = YES_AGGRESSIVE;
				GCC_WARN_UNUSED_FUNCTION = YES;
				GCC_WARN_UNUSED_VARIABLE = YES;
				MTL_ENABLE_DEBUG_INFO = NO;
				MTL_FAST_MATH = YES;
				SWIFT_COMPILATION_MODE = wholemodule;
				SWIFT_OPTIMIZATION_LEVEL = "-O";
			};
			name = Release;
		};
		23F0B322292166940061B933 /* Debug */ = {
			isa = XCBuildConfiguration;
			buildSettings = {
				ASSETCATALOG_COMPILER_APPICON_NAME = AppIcon;
				ASSETCATALOG_COMPILER_GLOBAL_ACCENT_COLOR_NAME = AccentColor;
				CODE_SIGN_ENTITLEMENTS = MarvelSwiftUICombine/MarvelSwiftUICombine.entitlements;
				CODE_SIGN_IDENTITY = "-";
				CODE_SIGN_STYLE = Automatic;
				CURRENT_PROJECT_VERSION = 1;
				DEAD_CODE_STRIPPING = YES;
				DEVELOPMENT_ASSET_PATHS = "\"MarvelSwiftUICombine/Preview Content\"";
				DEVELOPMENT_TEAM = B8VLRHF5DU;
				ENABLE_PREVIEWS = YES;
				GENERATE_INFOPLIST_FILE = YES;
				INFOPLIST_FILE = MarvelSwiftUICombine/Info.plist;
				"INFOPLIST_KEY_UIApplicationSceneManifest_Generation[sdk=iphoneos*]" = YES;
				"INFOPLIST_KEY_UIApplicationSceneManifest_Generation[sdk=iphonesimulator*]" = YES;
				"INFOPLIST_KEY_UIApplicationSupportsIndirectInputEvents[sdk=iphoneos*]" = YES;
				"INFOPLIST_KEY_UIApplicationSupportsIndirectInputEvents[sdk=iphonesimulator*]" = YES;
				"INFOPLIST_KEY_UILaunchScreen_Generation[sdk=iphoneos*]" = YES;
				"INFOPLIST_KEY_UILaunchScreen_Generation[sdk=iphonesimulator*]" = YES;
				"INFOPLIST_KEY_UIStatusBarStyle[sdk=iphoneos*]" = UIStatusBarStyleDefault;
				"INFOPLIST_KEY_UIStatusBarStyle[sdk=iphonesimulator*]" = UIStatusBarStyleDefault;
				INFOPLIST_KEY_UISupportedInterfaceOrientations_iPad = "UIInterfaceOrientationPortrait UIInterfaceOrientationPortraitUpsideDown UIInterfaceOrientationLandscapeLeft UIInterfaceOrientationLandscapeRight";
				INFOPLIST_KEY_UISupportedInterfaceOrientations_iPhone = "UIInterfaceOrientationPortrait UIInterfaceOrientationLandscapeLeft UIInterfaceOrientationLandscapeRight";
				IPHONEOS_DEPLOYMENT_TARGET = 16.1;
				LD_RUNPATH_SEARCH_PATHS = "@executable_path/Frameworks";
				"LD_RUNPATH_SEARCH_PATHS[sdk=macosx*]" = "@executable_path/../Frameworks";
				MACOSX_DEPLOYMENT_TARGET = 13.0;
				MARKETING_VERSION = 1.0;
				PRODUCT_BUNDLE_IDENTIFIER = com.robert.rs.MarvelSwiftUICombine;
				PRODUCT_NAME = "$(TARGET_NAME)";
				SDKROOT = auto;
				SUPPORTED_PLATFORMS = "iphoneos iphonesimulator";
				SUPPORTS_MACCATALYST = NO;
				SUPPORTS_MAC_DESIGNED_FOR_IPHONE_IPAD = NO;
				SWIFT_EMIT_LOC_STRINGS = YES;
				SWIFT_VERSION = 5.0;
				TARGETED_DEVICE_FAMILY = "1,2";
			};
			name = Debug;
		};
		23F0B323292166940061B933 /* Release */ = {
			isa = XCBuildConfiguration;
			buildSettings = {
				ASSETCATALOG_COMPILER_APPICON_NAME = AppIcon;
				ASSETCATALOG_COMPILER_GLOBAL_ACCENT_COLOR_NAME = AccentColor;
				CODE_SIGN_ENTITLEMENTS = MarvelSwiftUICombine/MarvelSwiftUICombine.entitlements;
				CODE_SIGN_IDENTITY = "-";
				CODE_SIGN_STYLE = Automatic;
				CURRENT_PROJECT_VERSION = 1;
				DEAD_CODE_STRIPPING = YES;
				DEVELOPMENT_ASSET_PATHS = "\"MarvelSwiftUICombine/Preview Content\"";
				DEVELOPMENT_TEAM = B8VLRHF5DU;
				ENABLE_PREVIEWS = YES;
				GENERATE_INFOPLIST_FILE = YES;
				INFOPLIST_FILE = MarvelSwiftUICombine/Info.plist;
				"INFOPLIST_KEY_UIApplicationSceneManifest_Generation[sdk=iphoneos*]" = YES;
				"INFOPLIST_KEY_UIApplicationSceneManifest_Generation[sdk=iphonesimulator*]" = YES;
				"INFOPLIST_KEY_UIApplicationSupportsIndirectInputEvents[sdk=iphoneos*]" = YES;
				"INFOPLIST_KEY_UIApplicationSupportsIndirectInputEvents[sdk=iphonesimulator*]" = YES;
				"INFOPLIST_KEY_UILaunchScreen_Generation[sdk=iphoneos*]" = YES;
				"INFOPLIST_KEY_UILaunchScreen_Generation[sdk=iphonesimulator*]" = YES;
				"INFOPLIST_KEY_UIStatusBarStyle[sdk=iphoneos*]" = UIStatusBarStyleDefault;
				"INFOPLIST_KEY_UIStatusBarStyle[sdk=iphonesimulator*]" = UIStatusBarStyleDefault;
				INFOPLIST_KEY_UISupportedInterfaceOrientations_iPad = "UIInterfaceOrientationPortrait UIInterfaceOrientationPortraitUpsideDown UIInterfaceOrientationLandscapeLeft UIInterfaceOrientationLandscapeRight";
				INFOPLIST_KEY_UISupportedInterfaceOrientations_iPhone = "UIInterfaceOrientationPortrait UIInterfaceOrientationLandscapeLeft UIInterfaceOrientationLandscapeRight";
				IPHONEOS_DEPLOYMENT_TARGET = 16.1;
				LD_RUNPATH_SEARCH_PATHS = "@executable_path/Frameworks";
				"LD_RUNPATH_SEARCH_PATHS[sdk=macosx*]" = "@executable_path/../Frameworks";
				MACOSX_DEPLOYMENT_TARGET = 13.0;
				MARKETING_VERSION = 1.0;
				PRODUCT_BUNDLE_IDENTIFIER = com.robert.rs.MarvelSwiftUICombine;
				PRODUCT_NAME = "$(TARGET_NAME)";
				SDKROOT = auto;
				SUPPORTED_PLATFORMS = "iphoneos iphonesimulator";
				SUPPORTS_MACCATALYST = NO;
				SUPPORTS_MAC_DESIGNED_FOR_IPHONE_IPAD = NO;
				SWIFT_EMIT_LOC_STRINGS = YES;
				SWIFT_VERSION = 5.0;
				TARGETED_DEVICE_FAMILY = "1,2";
			};
			name = Release;
		};
		23F0B325292166940061B933 /* Debug */ = {
			isa = XCBuildConfiguration;
			buildSettings = {
				ALWAYS_EMBED_SWIFT_STANDARD_LIBRARIES = YES;
				BUNDLE_LOADER = "$(TEST_HOST)";
				CODE_SIGN_STYLE = Automatic;
				CURRENT_PROJECT_VERSION = 1;
				DEAD_CODE_STRIPPING = YES;
				DEVELOPMENT_TEAM = B8VLRHF5DU;
				GENERATE_INFOPLIST_FILE = YES;
				IPHONEOS_DEPLOYMENT_TARGET = 16.1;
				MACOSX_DEPLOYMENT_TARGET = 13.0;
				MARKETING_VERSION = 1.0;
				PRODUCT_BUNDLE_IDENTIFIER = com.robert.rs.MarvelSwiftUICombineTests;
				PRODUCT_NAME = "$(TARGET_NAME)";
				SDKROOT = auto;
				SUPPORTED_PLATFORMS = "iphoneos iphonesimulator macosx";
				SWIFT_EMIT_LOC_STRINGS = NO;
				SWIFT_VERSION = 5.0;
				TARGETED_DEVICE_FAMILY = "1,2";
				TEST_HOST = "$(BUILT_PRODUCTS_DIR)/MarvelSwiftUICombine.app/$(BUNDLE_EXECUTABLE_FOLDER_PATH)/MarvelSwiftUICombine";
			};
			name = Debug;
		};
		23F0B326292166940061B933 /* Release */ = {
			isa = XCBuildConfiguration;
			buildSettings = {
				ALWAYS_EMBED_SWIFT_STANDARD_LIBRARIES = YES;
				BUNDLE_LOADER = "$(TEST_HOST)";
				CODE_SIGN_STYLE = Automatic;
				CURRENT_PROJECT_VERSION = 1;
				DEAD_CODE_STRIPPING = YES;
				DEVELOPMENT_TEAM = B8VLRHF5DU;
				GENERATE_INFOPLIST_FILE = YES;
				IPHONEOS_DEPLOYMENT_TARGET = 16.1;
				MACOSX_DEPLOYMENT_TARGET = 13.0;
				MARKETING_VERSION = 1.0;
				PRODUCT_BUNDLE_IDENTIFIER = com.robert.rs.MarvelSwiftUICombineTests;
				PRODUCT_NAME = "$(TARGET_NAME)";
				SDKROOT = auto;
				SUPPORTED_PLATFORMS = "iphoneos iphonesimulator macosx";
				SWIFT_EMIT_LOC_STRINGS = NO;
				SWIFT_VERSION = 5.0;
				TARGETED_DEVICE_FAMILY = "1,2";
				TEST_HOST = "$(BUILT_PRODUCTS_DIR)/MarvelSwiftUICombine.app/$(BUNDLE_EXECUTABLE_FOLDER_PATH)/MarvelSwiftUICombine";
			};
			name = Release;
		};
		23F0B328292166940061B933 /* Debug */ = {
			isa = XCBuildConfiguration;
			buildSettings = {
				ALWAYS_EMBED_SWIFT_STANDARD_LIBRARIES = YES;
				CODE_SIGN_STYLE = Automatic;
				CURRENT_PROJECT_VERSION = 1;
				DEAD_CODE_STRIPPING = YES;
				DEVELOPMENT_TEAM = B8VLRHF5DU;
				GENERATE_INFOPLIST_FILE = YES;
				IPHONEOS_DEPLOYMENT_TARGET = 16.1;
				MACOSX_DEPLOYMENT_TARGET = 13.0;
				MARKETING_VERSION = 1.0;
				PRODUCT_BUNDLE_IDENTIFIER = com.robert.rs.MarvelSwiftUICombineUITests;
				PRODUCT_NAME = "$(TARGET_NAME)";
				SDKROOT = auto;
				SUPPORTED_PLATFORMS = "iphoneos iphonesimulator macosx";
				SWIFT_EMIT_LOC_STRINGS = NO;
				SWIFT_VERSION = 5.0;
				TARGETED_DEVICE_FAMILY = "1,2";
				TEST_TARGET_NAME = MarvelSwiftUICombine;
			};
			name = Debug;
		};
		23F0B329292166940061B933 /* Release */ = {
			isa = XCBuildConfiguration;
			buildSettings = {
				ALWAYS_EMBED_SWIFT_STANDARD_LIBRARIES = YES;
				CODE_SIGN_STYLE = Automatic;
				CURRENT_PROJECT_VERSION = 1;
				DEAD_CODE_STRIPPING = YES;
				DEVELOPMENT_TEAM = B8VLRHF5DU;
				GENERATE_INFOPLIST_FILE = YES;
				IPHONEOS_DEPLOYMENT_TARGET = 16.1;
				MACOSX_DEPLOYMENT_TARGET = 13.0;
				MARKETING_VERSION = 1.0;
				PRODUCT_BUNDLE_IDENTIFIER = com.robert.rs.MarvelSwiftUICombineUITests;
				PRODUCT_NAME = "$(TARGET_NAME)";
				SDKROOT = auto;
				SUPPORTED_PLATFORMS = "iphoneos iphonesimulator macosx";
				SWIFT_EMIT_LOC_STRINGS = NO;
				SWIFT_VERSION = 5.0;
				TARGETED_DEVICE_FAMILY = "1,2";
				TEST_TARGET_NAME = MarvelSwiftUICombine;
			};
			name = Release;
		};
/* End XCBuildConfiguration section */

/* Begin XCConfigurationList section */
		23E0883D2926CD890084F63A /* Build configuration list for PBXNativeTarget "MarvelSwiftUICombineWatchApp" */ = {
			isa = XCConfigurationList;
			buildConfigurations = (
				23E0883B2926CD890084F63A /* Debug */,
				23E0883C2926CD890084F63A /* Release */,
			);
			defaultConfigurationIsVisible = 0;
			defaultConfigurationName = Release;
		};
		23F0B2F7292166920061B933 /* Build configuration list for PBXProject "MarvelSwiftUICombine" */ = {
			isa = XCConfigurationList;
			buildConfigurations = (
				23F0B31F292166940061B933 /* Debug */,
				23F0B320292166940061B933 /* Release */,
			);
			defaultConfigurationIsVisible = 0;
			defaultConfigurationName = Release;
		};
		23F0B321292166940061B933 /* Build configuration list for PBXNativeTarget "MarvelSwiftUICombine" */ = {
			isa = XCConfigurationList;
			buildConfigurations = (
				23F0B322292166940061B933 /* Debug */,
				23F0B323292166940061B933 /* Release */,
			);
			defaultConfigurationIsVisible = 0;
			defaultConfigurationName = Release;
		};
		23F0B324292166940061B933 /* Build configuration list for PBXNativeTarget "MarvelSwiftUICombineTests" */ = {
			isa = XCConfigurationList;
			buildConfigurations = (
				23F0B325292166940061B933 /* Debug */,
				23F0B326292166940061B933 /* Release */,
			);
			defaultConfigurationIsVisible = 0;
			defaultConfigurationName = Release;
		};
		23F0B327292166940061B933 /* Build configuration list for PBXNativeTarget "MarvelSwiftUICombineUITests" */ = {
			isa = XCConfigurationList;
			buildConfigurations = (
				23F0B328292166940061B933 /* Debug */,
				23F0B329292166940061B933 /* Release */,
			);
			defaultConfigurationIsVisible = 0;
			defaultConfigurationName = Release;
		};
/* End XCConfigurationList section */

/* Begin XCRemoteSwiftPackageReference section */
		234D396D2985A75200E46897 /* XCRemoteSwiftPackageReference "ViewInspector" */ = {
			isa = XCRemoteSwiftPackageReference;
			repositoryURL = "https://github.com/nalexn/ViewInspector";
			requirement = {
				kind = upToNextMajorVersion;
				minimumVersion = 0.9.5;
			};
		};
/* End XCRemoteSwiftPackageReference section */

/* Begin XCSwiftPackageProductDependency section */
		234D396E2985A75200E46897 /* ViewInspector */ = {
			isa = XCSwiftPackageProductDependency;
			package = 234D396D2985A75200E46897 /* XCRemoteSwiftPackageReference "ViewInspector" */;
			productName = ViewInspector;
		};
/* End XCSwiftPackageProductDependency section */
	};
	rootObject = 23F0B2F4292166920061B933 /* Project object */;
}
